Microsoft Visual Studio Solution File, Format Version 12.00
# Visual Studio Version 17
VisualStudioVersion = 17.0.32112.339
MinimumVisualStudioVersion = 10.0.40219.1
Project("{FAE04EC0-301F-11D3-BF4B-00C04F79EFBC}") = "Tameenk", "Tameenk\Tameenk.csproj", "{547B4BA2-895B-4FC5-B0A7-94D72FAFDA6D}"
EndProject
Project("{FAE04EC0-301F-11D3-BF4B-00C04F79EFBC}") = "Tamkeen.bll", "Tamkeen.bll\Tamkeen.bll.csproj", "{F0344826-89DF-484D-8B72-A31D51C77790}"
EndProject
Project("{2150E333-8FDC-42A3-9474-1A3956D46DE8}") = "PdfGeneratorService", "PdfGeneratorService", "{64E8AB18-4D4B-4A46-A688-F2ADC8547907}"
EndProject
Project("{2150E333-8FDC-42A3-9474-1A3956D46DE8}") = "Libraries", "Libraries", "{8DBDC892-4D5B-4BD8-A0B0-A6067169FE1B}"
EndProject
Project("{2150E333-8FDC-42A3-9474-1A3956D46DE8}") = "Services", "Services", "{7ABE3376-6AC5-4758-8D69-F1A61338F46A}"
EndProject
Project("{2150E333-8FDC-42A3-9474-1A3956D46DE8}") = "Policy", "Policy", "{42BA5CBB-CC8A-429A-9C5C-4E6FA4B90A9A}"
EndProject
Project("{FAE04EC0-301F-11D3-BF4B-00C04F79EFBC}") = "Tameenk.Data", "Libraries\Tameenk.Data\Tameenk.Data.csproj", "{9E27F8AF-2B2D-4A16-A0B3-EBF07FAC188E}"
EndProject
Project("{2150E333-8FDC-42A3-9474-1A3956D46DE8}") = "Quotation", "Quotation", "{CD727724-03EF-4E82-A4DA-7A55B86AC181}"
EndProject
Project("{FAE04EC0-301F-11D3-BF4B-00C04F79EFBC}") = "Tameenk.Services.QuotationApi", "Services\Quotation\Tameenk.Services.QuotationApi\Tameenk.Services.QuotationApi.csproj", "{419B4E1C-024A-4FF9-BF58-514ECC8BA370}"
EndProject
Project("{2150E333-8FDC-42A3-9474-1A3956D46DE8}") = "Payment", "Payment", "{63585DFC-9131-4E41-9239-5E2686D7B8A6}"
EndProject
Project("{FAE04EC0-301F-11D3-BF4B-00C04F79EFBC}") = "Tameenk.PaymentNotificationsApi", "Services\Payment\Tameenk.PaymentNotificationsApi\Tameenk.PaymentNotificationsApi.csproj", "{11619E63-AD0D-4A58-99D9-618D4881DE23}"
EndProject
Project("{FAE04EC0-301F-11D3-BF4B-00C04F79EFBC}") = "Tameenk.PdfGeneratorService.Api", "Services\Policy\PdfGeneratorService\Tameenk.PdfGeneratorService.Api\Tameenk.PdfGeneratorService.Api.csproj", "{F63D0FA4-C63C-4D47-BA76-4AAD1BA671AE}"
EndProject
Project("{FAE04EC0-301F-11D3-BF4B-00C04F79EFBC}") = "Tameenk.PdfGeneratorService.BL.Core", "Services\Policy\PdfGeneratorService\Tameenk.PdfGeneratorService.BL.Core\Tameenk.PdfGeneratorService.BL.Core.csproj", "{F95E842B-10EF-4B9E-8FF9-E84D1E00EBFA}"
EndProject
Project("{FAE04EC0-301F-11D3-BF4B-00C04F79EFBC}") = "Tameenk.PdfGeneratorService.BL.Imp", "Services\Policy\PdfGeneratorService\Tameenk.PdfGeneratorService.BL.Imp\Tameenk.PdfGeneratorService.BL.Imp.csproj", "{99593FA4-E834-4A76-8BF9-2173818BECD1}"
EndProject
Project("{FAE04EC0-301F-11D3-BF4B-00C04F79EFBC}") = "Tameenk.PdfGeneratorService.Common", "Services\Policy\PdfGeneratorService\Tameenk.PdfGeneratorService.Common\Tameenk.PdfGeneratorService.Common.csproj", "{7CBE1B66-0005-4A9F-B5DA-B2ED31255086}"
EndProject
Project("{FAE04EC0-301F-11D3-BF4B-00C04F79EFBC}") = "Tameenk.PdfGeneratorService.DAL.Core", "Services\Policy\PdfGeneratorService\Tameenk.PdfGeneratorService.DAL\Tameenk.PdfGeneratorService.DAL.Core.csproj", "{026EB525-9B20-4A6D-B90C-0A8DFAF26FE0}"
EndProject
Project("{FAE04EC0-301F-11D3-BF4B-00C04F79EFBC}") = "Tameenk.PdfGeneratorService.DAL.Imp", "Services\Policy\PdfGeneratorService\Tameenk.PdfGeneratorService.DAL.Imp\Tameenk.PdfGeneratorService.DAL.Imp.csproj", "{701B8732-3F11-4B60-9C82-2490EFDBD361}"
EndProject
Project("{FAE04EC0-301F-11D3-BF4B-00C04F79EFBC}") = "Tameenk.Services.InsuranceCompaniesCallBack", "Services\Policy\Tameenk.Services.InsuranceCompaniesCallBack\Tameenk.Services.InsuranceCompaniesCallBack.csproj", "{AE04274B-C277-4752-8279-1FB4415C62B0}"
EndProject
Project("{FAE04EC0-301F-11D3-BF4B-00C04F79EFBC}") = "Tameenk.Core.Domain", "Libraries\Tameenk.Core.Domain\Tameenk.Core.Domain.csproj", "{8EDFCD3E-4461-4B2C-A83E-175983E9C6B7}"
EndProject
Project("{9A19103F-16F7-4668-BE54-9A1E7A4F7556}") = "Tameenk.Resources", "Libraries\Tameenk.Resources\Tameenk.Resources.csproj", "{2CFF55DC-EDD1-41C7-92F6-04C650429A9D}"
EndProject
Project("{2150E333-8FDC-42A3-9474-1A3956D46DE8}") = "Inquiry", "Inquiry", "{D02961A0-F65D-422A-864E-3EC6EB5B5EB3}"
EndProject
Project("{FAE04EC0-301F-11D3-BF4B-00C04F79EFBC}") = "Tameenk.Services.PolicyApi", "Services\Policy\Tameenk.Services.PolicyApi\Tameenk.Services.PolicyApi.csproj", "{9D5A9992-B3A8-48D6-987B-65F0CDCD1F53}"
EndProject
Project("{2150E333-8FDC-42A3-9474-1A3956D46DE8}") = "Administration", "Administration", "{0C25CDB3-424F-40CB-9E6C-F16A8F548EBB}"
EndProject
Project("{2150E333-8FDC-42A3-9474-1A3956D46DE8}") = "Identity", "Identity", "{AED629B7-5809-4D8D-97E1-5749DB452A33}"
EndProject
Project("{FAE04EC0-301F-11D3-BF4B-00C04F79EFBC}") = "Tameenk.Services.IdentityApi", "Services\Identity\Tameenk.Services.IdentityApi\Tameenk.Services.IdentityApi.csproj", "{DEBDB532-5253-43FA-83E8-E8BB4FE97A43}"
EndProject
Project("{FAE04EC0-301F-11D3-BF4B-00C04F79EFBC}") = "Tameenk.Services.AdministrationApi", "Services\Administration\Tameenk.Services.AdministrationApi\Tameenk.Services.AdministrationApi.csproj", "{3B32139B-BDF1-4588-B891-B659B99B49A2}"
EndProject
Project("{FAE04EC0-301F-11D3-BF4B-00C04F79EFBC}") = "Tameenk.Loggin.DAL", "Libraries\Tameenk.Loggin.DAL\Tameenk.Loggin.DAL.csproj", "{339CF262-0F17-4C60-BB6F-FDC5133B3132}"
EndProject
Project("{FAE04EC0-301F-11D3-BF4B-00C04F79EFBC}") = "Tameenk.Reports.Policy", "Tameenk.Reports\Tameenk.Reports.Policy\Tameenk.Reports.Policy.csproj", "{10830FA8-83FE-4338-B675-BC906F13BB92}"
EndProject
Project("{FAE04EC0-301F-11D3-BF4B-00C04F79EFBC}") = "Tameenk.Reports.Quotation", "Tameenk.Reports\Tameenk.Reports.Quotation\Tameenk.Reports.Quotation.csproj", "{35F6D003-DD69-4626-8593-F29100EB12AE}"
EndProject
Project("{FAE04EC0-301F-11D3-BF4B-00C04F79EFBC}") = "Policy.RetrialMechanism", "Tameenk.Reports\Policy.RetrialMechanism\Policy.RetrialMechanism.csproj", "{B8C7B3CA-8639-49FE-BDCA-706955BE5898}"
EndProject
Project("{FAE04EC0-301F-11D3-BF4B-00C04F79EFBC}") = "SendFailedPolices", "Tameenk.Reports\SendFailedPolices\SendFailedPolices.csproj", "{F5EC2CF5-AB3C-4164-86AA-A8C20F55E0E9}"
EndProject
Project("{FAE04EC0-301F-11D3-BF4B-00C04F79EFBC}") = "Tameenk.Data", "Tameenk.Reports\Tameenk.Data\Tameenk.Data.csproj", "{0C26DB77-7020-41AA-8DAF-E0854F3698CA}"
EndProject
Project("{FAE04EC0-301F-11D3-BF4B-00C04F79EFBC}") = "Reports.SamaReport", "Tameenk.Reports\Reports.SamaReport\Reports.SamaReport.csproj", "{576BF9CB-1272-4638-B55F-369AE8242D8B}"
EndProject
Project("{FAE04EC0-301F-11D3-BF4B-00C04F79EFBC}") = "Tameenk.Report.QuotationPolicyEachCompany", "Tameenk.Reports\Tameenk.Report.QuotationPolicyEachCompany\Tameenk.Report.QuotationPolicyEachCompany.csproj", "{5D3FCA6E-652C-4A3B-B0E3-6E6C3DE5355A}"
EndProject
Project("{FAE04EC0-301F-11D3-BF4B-00C04F79EFBC}") = "GenerateFailedFiles", "Tameenk.Reports\GenerateFailedFiles\GenerateFailedFiles.csproj", "{0A1B97E2-D648-4D76-8FEF-E9DE3589D71D}"
EndProject
Project("{FAE04EC0-301F-11D3-BF4B-00C04F79EFBC}") = "Tameenk.PdfGeneratorService.Apis", "Tameenk.PdfGeneratorService.Apis\Tameenk.PdfGeneratorService.Apis.csproj", "{7D9D4424-EB9E-4638-8A55-F065F6418629}"
EndProject
Project("{FAE04EC0-301F-11D3-BF4B-00C04F79EFBC}") = "Tameenk.Services.Policy.Components", "Libraries\Tameenk.Services.Policy.Components\Tameenk.Services.Policy.Components.csproj", "{99431696-B2B0-4507-9091-F52BF197F01F}"
EndProject
Project("{2150E333-8FDC-42A3-9474-1A3956D46DE8}") = "Checkout", "Checkout", "{856CBB2D-50EF-4F57-999F-D1CA193D021B}"
EndProject
Project("{FAE04EC0-301F-11D3-BF4B-00C04F79EFBC}") = "Tameenk.Services.Checkout.Api", "Services\Checkout\Tameenk.Services.Checkout.Api\Tameenk.Services.Checkout.Api.csproj", "{597279B1-E87E-4937-8EDF-0F835CC0C105}"
EndProject
Project("{FAE04EC0-301F-11D3-BF4B-00C04F79EFBC}") = "Tameenk.Services.Checkout.Components", "Services\Checkout\Tameenk.Services.Checkout.Components\Tameenk.Services.Checkout.Components.csproj", "{ADCFEAD4-4FEB-4BE4-9343-63735C160FF7}"
EndProject
Project("{2150E333-8FDC-42A3-9474-1A3956D46DE8}") = "Tasks", "Tasks", "{B353F9A1-14FC-4F67-95A1-E8C7410BC8C9}"
EndProject
Project("{FAE04EC0-301F-11D3-BF4B-00C04F79EFBC}") = "Tameenk.Services.Tasks", "Tasks\Tameenk.Services.Tasks\Tameenk.Services.Tasks.csproj", "{B0830B06-0684-47A3-9C8D-9DEB37C284A9}"
EndProject
Project("{FAE04EC0-301F-11D3-BF4B-00C04F79EFBC}") = "Tameenk.Services.Quotation.Components", "Services\Quotation\Tameenk.Services.Quotation.Components\Tameenk.Services.Quotation.Components.csproj", "{2F9AF120-775F-488E-89F4-22A0D6EC9EE4}"
EndProject
Project("{2150E333-8FDC-42A3-9474-1A3956D46DE8}") = "Notification", "Notification", "{902DF970-ECB1-4994-9793-D0B79EFCF4CC}"
EndProject
Project("{FAE04EC0-301F-11D3-BF4B-00C04F79EFBC}") = "Tameenk.Services.Notifications", "Tameenk.Services.Notifications\Tameenk.Services.Notifications.csproj", "{B4E3E35F-360A-4430-BFCD-A2DC4373D7CF}"
EndProject
Project("{FAE04EC0-301F-11D3-BF4B-00C04F79EFBC}") = "Tameenk.Payment.Esal.Component", "Services\Payment\Tameenk.Payment.Esal.Component\Tameenk.Payment.Esal.Component.csproj", "{26A5D248-8A21-44AF-9E3B-8875A4E12806}"
EndProject
Project("{FAE04EC0-301F-11D3-BF4B-00C04F79EFBC}") = "Tameenk.Services.ServicesApi", "Tameenk.Services.ServicesApi\Tameenk.Services.ServicesApi.csproj", "{BE187FB1-EF38-4551-BCB7-98D50BE6DA97}"
EndProject
Project("{2150E333-8FDC-42A3-9474-1A3956D46DE8}") = "Profile", "Profile", "{4F94C7CD-03BB-4E19-99E1-E001F3105660}"
EndProject
Project("{FAE04EC0-301F-11D3-BF4B-00C04F79EFBC}") = "Tameenk.Services.Profile.Component", "Services\Profile\Tameenk.Services.Profile.Component\Tameenk.Services.Profile.Component.csproj", "{EAFDB2AA-1614-4A17-A264-B67F5B8EBCBA}"
EndProject
Project("{2150E333-8FDC-42A3-9474-1A3956D46DE8}") = "UserTicket", "UserTicket", "{48E13ED5-6C68-444D-B9DB-A9B5CA720287}"
EndProject
Project("{FAE04EC0-301F-11D3-BF4B-00C04F79EFBC}") = "Tameenk.Services.UserTicket.Components", "Services\UserTicket\Tameenk.Services.UserTicket.Components\Tameenk.Services.UserTicket.Components.csproj", "{714068E3-DC65-4733-B8E2-A49D9A614863}"
EndProject
Project("{2150E333-8FDC-42A3-9474-1A3956D46DE8}") = "Generic", "Generic", "{475C5681-D555-454A-BC2D-3AACF189BCF7}"
EndProject
Project("{FAE04EC0-301F-11D3-BF4B-00C04F79EFBC}") = "Tameenk.Services.Generic.Components", "Services\Generic\Tameenk.Services.Generic.Components\Tameenk.Services.Generic.Components.csproj", "{BE06CAFD-DB59-4141-AF42-578C757B1D41}"
EndProject
Project("{FAE04EC0-301F-11D3-BF4B-00C04F79EFBC}") = "Tameenk.Services.PowerBIApi", "Tameenk.Services.PowerBIApi\Tameenk.Services.PowerBIApi.csproj", "{4D0FA7F9-5160-4C2F-9680-766E144E81DD}"
EndProject
Project("{2150E333-8FDC-42A3-9474-1A3956D46DE8}") = "PowePI", "PowePI", "{5B3E10C4-32CC-489E-A6A2-F48FFF8744D4}"
EndProject
Project("{FAE04EC0-301F-11D3-BF4B-00C04F79EFBC}") = "Tameenk.Services.PowerBI.Component", "Tameenk.Services.PowerBI.Component\Tameenk.Services.PowerBI.Component.csproj", "{2FE6C6B7-42C9-448B-A3B3-0F38D00A1D3A}"
EndProject
Project("{2150E333-8FDC-42A3-9474-1A3956D46DE8}") = "Captcha", "Captcha", "{1F3D9392-E56D-4164-A019-36428380C7B7}"
EndProject
Project("{FAE04EC0-301F-11D3-BF4B-00C04F79EFBC}") = "Tameenk.Services.Capcha.API", "Services\Captcha\Tameenk.Services.Capcha.API\Tameenk.Services.Capcha.API.csproj", "{E581103D-14B7-4B3A-8FD1-D8482FA96F87}"
EndProject
Project("{2150E333-8FDC-42A3-9474-1A3956D46DE8}") = "QuotationDependancy", "QuotationDependancy", "{FFBE3535-7AEA-4C14-9296-3AAC382E29F8}"
EndProject
Project("{FAE04EC0-301F-11D3-BF4B-00C04F79EFBC}") = "Tameenk.Services.QuotationDependancy.Api", "Services\QuotationDependancy\Tameenk.Services.QuotationDependancy.Api\Tameenk.Services.QuotationDependancy.Api.csproj", "{1E457459-DCFE-474C-A40D-381CDBDE43F9}"
EndProject
Project("{FAE04EC0-301F-11D3-BF4B-00C04F79EFBC}") = "Tameenk.Services.QuotationDependancy.Component", "Services\QuotationDependancy\Tameenk.Services.QuotationDependancy.Component\Tameenk.Services.QuotationDependancy.Component.csproj", "{F068932B-5B30-4918-A20E-631603462F82}"
EndProject
Project("{2150E333-8FDC-42A3-9474-1A3956D46DE8}") = "QuotationNew", "QuotationNew", "{081034F4-E2F7-4878-BB9D-3A3BF373DBB4}"
EndProject
Project("{FAE04EC0-301F-11D3-BF4B-00C04F79EFBC}") = "Tameenk.Services.QuotationNew.Api", "Services\QuotationNew\Tameenk.Services.QuotationNew.Api\Tameenk.Services.QuotationNew.Api.csproj", "{B8A4FD41-A389-4DDD-80BD-B4F5F0A67DFC}"
EndProject
Project("{FAE04EC0-301F-11D3-BF4B-00C04F79EFBC}") = "Tameenk.Services.QuotationNew.Components", "Services\QuotationNew\Tameenk.Services.QuotationNew.Components\Tameenk.Services.QuotationNew.Components.csproj", "{2B8A6C94-A257-43AC-B5CF-6128D39E613A}"
EndProject
Project("{FAE04EC0-301F-11D3-BF4B-00C04F79EFBC}") = "Tameenk.Redis", "Libraries\Tameenk.Redis\Tameenk.Redis.csproj", "{2F829183-B0FC-4FAC-A051-19752EBA6846}"
EndProject
Project("{FAE04EC0-301F-11D3-BF4B-00C04F79EFBC}") = "Tameenk.Tameenk.Log4Net", "Libraries\Tameenk.Log4Net\Tameenk.Tameenk.Log4Net.csproj", "{FABAC800-FF03-430A-BF60-2BF3536A51BC}"
EndProject
Project("{2150E333-8FDC-42A3-9474-1A3956D46DE8}") = "Libraries_Core", "Libraries_Core", "{446E192C-6BDC-4647-903B-33F4EAFBB8AF}"
EndProject
Project("{9A19103F-16F7-4668-BE54-9A1E7A4F7556}") = "Tameenk.Common.UtilitiesCore", "Libraries_Core\Tameenk.Common.UtilitiesCore_New\Tameenk.Common.UtilitiesCore.csproj", "{B6B8EE62-7F9F-46B8-8E09-0A6FED3C52F4}"
EndProject
Project("{9A19103F-16F7-4668-BE54-9A1E7A4F7556}") = "Tameenk.DataCore", "Libraries_Core\Tameenk.DataCore_New\Tameenk.DataCore.csproj", "{8578C846-AF63-4C23-93A4-365F8BCFF000}"
EndProject
Project("{9A19103F-16F7-4668-BE54-9A1E7A4F7556}") = "Tameenk.Loggin.DALCore", "Libraries_Core\Tameenk.Loggin.DALCore_New\Tameenk.Loggin.DALCore.csproj", "{BCC6B87B-5B4D-49A5-AF9F-BBDB436649B4}"
EndProject
Project("{9A19103F-16F7-4668-BE54-9A1E7A4F7556}") = "Tameenk.RedisCore_New", "Libraries_Core\Tameenk.RedisCore_New\Tameenk.RedisCore_New.csproj", "{497A2963-9150-4332-B05C-952AB984E1D3}"
EndProject
Project("{9A19103F-16F7-4668-BE54-9A1E7A4F7556}") = "Tameenk.SecurityCore", "Libraries_Core\Tameenk.SecurityCore_New\Tameenk.SecurityCore.csproj", "{FFE60D67-4A76-43DB-8482-36ED6EFEEC7B}"
EndProject
Project("{9A19103F-16F7-4668-BE54-9A1E7A4F7556}") = "Tameenk.ServicesCore", "Libraries_Core\Tameenk.ServicesCore_New\Tameenk.ServicesCore.csproj", "{F61D83D9-E1C7-4191-B55A-3CFB283F6918}"
EndProject
Project("{9A19103F-16F7-4668-BE54-9A1E7A4F7556}") = "Tameenk.Api.CoreCore", "Libraries_Core\Tameenk.Api.CoreCore_New\Tameenk.Api.CoreCore.csproj", "{4CECEC0F-5709-4559-B9FA-C5B70278E23C}"
EndProject
Project("{2150E333-8FDC-42A3-9474-1A3956D46DE8}") = "Integration_Core", "Integration_Core", "{38E55BF7-1AC9-42B0-B85F-76EB96FD0970}"
EndProject
Project("{2150E333-8FDC-42A3-9474-1A3956D46DE8}") = "Services_Core", "Services_Core", "{5454F94A-44A4-4C9F-A6FD-16C84B71885B}"
EndProject
Project("{9A19103F-16F7-4668-BE54-9A1E7A4F7556}") = "Tameenk.Integration.DtoCore", "Integration_Core\Tameenk.Integration.DtoCore\Tameenk.Integration.DtoCore.csproj", "{5C959E02-F25D-478A-97FE-95BDDE7A5C35}"
EndProject
Project("{9A19103F-16F7-4668-BE54-9A1E7A4F7556}") = "Tameenk.Integration.Core.Core", "Integration_Core\Tameenk.Integration.Core.Core\Tameenk.Integration.Core.Core.csproj", "{AAC55B53-1B65-41DC-818A-ACC296B1013A}"
EndProject
Project("{2150E333-8FDC-42A3-9474-1A3956D46DE8}") = "Providers_Core", "Providers_Core", "{418FDDF0-DC36-408B-B8B0-4F1CB5A7BC87}"
EndProject
Project("{9A19103F-16F7-4668-BE54-9A1E7A4F7556}") = "Tameenk.Integration.Providers.AICC", "Integration_Core\Provider_Core\Tameenk.Integration.Providers.AICC.Core\Tameenk.Integration.Providers.AICC.csproj", "{197CB88E-86F6-417B-B5D9-9B7BB88986FC}"
EndProject
Project("{9A19103F-16F7-4668-BE54-9A1E7A4F7556}") = "Tameenk.Integration.Providers.AlalamiyaCore", "Integration_Core\Provider_Core\Tameenk.Integration.Providers.AlalamiyaCore\Tameenk.Integration.Providers.AlalamiyaCore.csproj", "{8C04BAE3-453D-42A8-A794-97D1D2C2EB70}"
EndProject
Project("{9A19103F-16F7-4668-BE54-9A1E7A4F7556}") = "Tameenk.Integration.Providers.AllianzCore", "Integration_Core\Provider_Core\Tameenk.Integration.Providers.AllianzCore\Tameenk.Integration.Providers.AllianzCore.csproj", "{26B0D0D0-EE6F-4E11-8659-F3D815E54D62}"
EndProject
Project("{9A19103F-16F7-4668-BE54-9A1E7A4F7556}") = "Tameenk.Integration.Providers.AlRajhiCore", "Integration_Core\Provider_Core\Tameenk.Integration.Providers.AlRajhiCore\Tameenk.Integration.Providers.AlRajhiCore.csproj", "{742AE23F-E4E9-4A5E-A882-D28B4A589551}"
EndProject
Project("{9A19103F-16F7-4668-BE54-9A1E7A4F7556}") = "Tameenk.Integration.Providers.AmanaCore", "Integration_Core\Provider_Core\Tameenk.Integration.Providers.AmanaCore\Tameenk.Integration.Providers.AmanaCore.csproj", "{179AD124-0BBD-4758-A8A1-8FF2AFD853C5}"
EndProject
Project("{9A19103F-16F7-4668-BE54-9A1E7A4F7556}") = "Tameenk.Integration.Providers.ArabianShieldCore", "Integration_Core\Provider_Core\Tameenk.Integration.Providers.ArabianShieldCore\Tameenk.Integration.Providers.ArabianShieldCore.csproj", "{F0A8C6B0-5884-46A7-820D-8E05049F8E87}"
EndProject
Project("{9A19103F-16F7-4668-BE54-9A1E7A4F7556}") = "Tameenk.Integration.Providers.AXACore", "Integration_Core\Provider_Core\Tameenk.Integration.Providers.AXACore\Tameenk.Integration.Providers.AXACore.csproj", "{95D28AA0-5A27-4AC9-9E88-75C12602B2D3}"
EndProject
Project("{9A19103F-16F7-4668-BE54-9A1E7A4F7556}") = "Tameenk.Integration.Providers.BCARECore", "Integration_Core\Provider_Core\Tameenk.Integration.Providers.BCARECore\Tameenk.Integration.Providers.BCARECore.csproj", "{3C0C20D5-2495-412B-A411-44AF204D0862}"
EndProject
Project("{9A19103F-16F7-4668-BE54-9A1E7A4F7556}") = "Tameenk.Integration.Providers.BurujCore", "Integration_Core\Provider_Core\Tameenk.Integration.Providers.BurujCore\Tameenk.Integration.Providers.BurujCore.csproj", "{C48DF513-6ADE-4F67-87A5-3E3107577B9D}"
EndProject
Project("{9A19103F-16F7-4668-BE54-9A1E7A4F7556}") = "Tameenk.Integration.Providers.GGI.Core", "Integration_Core\Provider_Core\Tameenk.Integration.Providers.GGI.Core\Tameenk.Integration.Providers.GGI.Core.csproj", "{911CF589-D72D-417C-96F5-A2923DECFED9}"
EndProject
Project("{9A19103F-16F7-4668-BE54-9A1E7A4F7556}") = "Tameenk.Integration.Providers.WataniyaCore", "Integration_Core\Provider_Core\Tameenk.Integration.Providers.WataniyaCore\Tameenk.Integration.Providers.WataniyaCore.csproj", "{72726D10-4428-4FCE-B57E-7A27B8EC5679}"
EndProject
Project("{9A19103F-16F7-4668-BE54-9A1E7A4F7556}") = "Tameenk.Integration.Providers.MalathCore", "Integration_Core\Provider_Core\Tameenk.Integration.Providers.MalathCore\Tameenk.Integration.Providers.MalathCore.csproj", "{C8658AB9-CFDE-42C9-8385-197B722C8A99}"
EndProject
Project("{9A19103F-16F7-4668-BE54-9A1E7A4F7556}") = "Tameenk.Integration.Providers.MedGulfCore", "Integration_Core\Provider_Core\Tameenk.Integration.Providers.MedGulfCore\Tameenk.Integration.Providers.MedGulfCore.csproj", "{D65BF49E-EDD6-4D4E-B5D1-0E2ECC9FE72D}"
EndProject
Project("{9A19103F-16F7-4668-BE54-9A1E7A4F7556}") = "Tameenk.Integration.Providers.SAICO.Core", "Integration_Core\Provider_Core\Tameenk.Integration.Providers.SAICO.Core\Tameenk.Integration.Providers.SAICO.Core.csproj", "{5611C2E2-5045-47FC-A41A-8FB166CB2D0F}"
EndProject
Project("{9A19103F-16F7-4668-BE54-9A1E7A4F7556}") = "Tameenk.Integration.Providers.WalaCore", "Integration_Core\Provider_Core\Tameenk.Integration.Providers.WalaCore\Tameenk.Integration.Providers.WalaCore.csproj", "{94CEC478-C038-4D2A-A2AF-2C5A30BA182A}"
EndProject
Project("{9A19103F-16F7-4668-BE54-9A1E7A4F7556}") = "Tameenk.Integration.Providers.WafaCore", "Integration_Core\Provider_Core\Tameenk.Integration.Providers.WafaCore\Tameenk.Integration.Providers.WafaCore.csproj", "{6CC304D4-81F0-4245-A893-7CAEF1D3FBDF}"
EndProject
Project("{9A19103F-16F7-4668-BE54-9A1E7A4F7556}") = "Tameenk.Integration.Providers.SalamaCore", "Integration_Core\Provider_Core\Tameenk.Integration.Providers.SalamaCore\Tameenk.Integration.Providers.SalamaCore.csproj", "{50DB32F6-3571-4C1D-AD12-87A90771FB72}"
EndProject
Project("{9A19103F-16F7-4668-BE54-9A1E7A4F7556}") = "Tameenk.Integration.Providers.SaqrCore", "Integration_Core\Provider_Core\Tameenk.Integration.Providers.SaqrCore\Tameenk.Integration.Providers.SaqrCore.csproj", "{D2F9A74C-4D61-4912-883D-FDD8FDD4B613}"
EndProject
Project("{9A19103F-16F7-4668-BE54-9A1E7A4F7556}") = "Tameenk.Integration.Providers.SolidarityCore", "Integration_Core\Provider_Core\Tameenk.Integration.Providers.SolidarityCore\Tameenk.Integration.Providers.SolidarityCore.csproj", "{A736D65B-730B-4952-98D9-265FCC21672A}"
EndProject
Project("{9A19103F-16F7-4668-BE54-9A1E7A4F7556}") = "Tameenk.Integration.Providers.TawuniyaCore", "Integration_Core\Provider_Core\Tameenk.Integration.Providers.TawuniyaCore\Tameenk.Integration.Providers.TawuniyaCore.csproj", "{DE467153-6C01-47D2-BBD7-B1A8CB0CD9CB}"
EndProject
Project("{9A19103F-16F7-4668-BE54-9A1E7A4F7556}") = "Tameenk.Integration.Providers.TUIC.Core", "Integration_Core\Provider_Core\Tameenk.Integration.Providers.TUIC.Core\Tameenk.Integration.Providers.TUIC.Core.csproj", "{00FEAC3C-516D-4CC1-ACBD-BAF88DE4F24D}"
EndProject
Project("{9A19103F-16F7-4668-BE54-9A1E7A4F7556}") = "Tameenk.Integration.Providers.UCACore", "Integration_Core\Provider_Core\Tameenk.Integration.Providers.UCACore\Tameenk.Integration.Providers.UCACore.csproj", "{D0831FFE-4775-470F-8AED-44D3987305BB}"
EndProject
Project("{9A19103F-16F7-4668-BE54-9A1E7A4F7556}") = "Tamkeen.bll.Core", "Tamkeen.bll.Core\Tamkeen.bll.Core.csproj", "{7D3E4647-C5EF-400E-91B7-788A89A4F181}"
EndProject
Project("{FAE04EC0-301F-11D3-BF4B-00C04F79EFBC}") = "Tameenk.Api.Core", "Tameenk.Api.Core\Tameenk.Api.Core.csproj", "{D5EF56DE-74F4-468B-94A0-73D33C2D14CC}"
EndProject
Project("{FAE04EC0-301F-11D3-BF4B-00C04F79EFBC}") = "Tameenk.Services.Administration.Identity", "Services\Administration\Tameenk.Services.Administration.Identity\Tameenk.Services.Administration.Identity.csproj", "{2CCA6BCC-F22C-4603-83F3-7892DC28D915}"
EndProject
Project("{FAE04EC0-301F-11D3-BF4B-00C04F79EFBC}") = "Tameenk.Core", "Libraries\Tameenk.Core\Tameenk.Core.csproj", "{5CD41905-AC08-410F-9FFB-B3975FFBA538}"
EndProject
Project("{FAE04EC0-301F-11D3-BF4B-00C04F79EFBC}") = "Tameenk.Security", "Libraries\Tameenk.Security\Tameenk.Security.csproj", "{E0A5623C-439C-42EA-90D3-C40192ABAC16}"
EndProject
Project("{FAE04EC0-301F-11D3-BF4B-00C04F79EFBC}") = "Tameenk.Common.Utilities", "Libraries\Tameenk.Common.Utilities\Tameenk.Common.Utilities.csproj", "{14F920B0-E1F2-4E7B-BE22-4BDE4FC9541F}"
EndProject
Project("{FAE04EC0-301F-11D3-BF4B-00C04F79EFBC}") = "Tameenk.Services", "Libraries\Tameenk.Services\Tameenk.Services.csproj", "{9B11F328-DBF1-4B67-B86D-F3077B4EEA5E}"
EndProject
Project("{FAE04EC0-301F-11D3-BF4B-00C04F79EFBC}") = "Tameenk.Services.YakeenIntegrationApi", "Services\Inquiry\Tameenk.Services.YakeenIntegrationApi\Tameenk.Services.YakeenIntegrationApi.csproj", "{55AE1A44-FEF2-4ED0-BB33-1520C44B9394}"
EndProject
Project("{FAE04EC0-301F-11D3-BF4B-00C04F79EFBC}") = "Tameenk.Services.YakeenIntegration.Business", "Services\Inquiry\Tameenk.Services.YakeenIntegration.Business\Tameenk.Services.YakeenIntegration.Business.csproj", "{431DF20E-0472-4636-B5A7-8E94F2DEFE03}"
EndProject
Project("{FAE04EC0-301F-11D3-BF4B-00C04F79EFBC}") = "Tameenk.Services.InquiryGateway", "Services\Inquiry\Tameenk.Services.InquiryGateway\Tameenk.Services.InquiryGateway.csproj", "{31BE11E4-1633-4277-B5CF-02CD1AED956E}"
EndProject
Project("{FAE04EC0-301F-11D3-BF4B-00C04F79EFBC}") = "Tameenk.Services.Inquiry.Components", "Services\Inquiry\Tameenk.Services.Inquiry.Components\Tameenk.Services.Inquiry.Components.csproj", "{DD676510-DEEE-4664-9D2F-AF11F9B8A792}"
EndProject
Project("{2150E333-8FDC-42A3-9474-1A3956D46DE8}") = "Administration", "Administration", "{4B892D07-0019-40D8-AED6-9863CDC50273}"
EndProject
Project("{2150E333-8FDC-42A3-9474-1A3956D46DE8}") = "QuotationNew", "QuotationNew", "{B362C48E-7DF1-4BB4-BFD1-15A42F534384}"
EndProject
Project("{9A19103F-16F7-4668-BE54-9A1E7A4F7556}") = "Tameenk.Services.QuotationNew.ComponentsCore", "Services_Core\QuotationNew_Core\Tameenk.Services.QuotationNew.ComponentsCore\Tameenk.Services.QuotationNew.ComponentsCore.csproj", "{7FA4FC06-BA18-443F-B8E9-CEC0BF717488}"
EndProject
Project("{9A19103F-16F7-4668-BE54-9A1E7A4F7556}") = "Tameenk.Services.Administration.IdentityCore", "Services_Core\AdministrationCore\Tameenk.Services.Administration.IdentityCore\Tameenk.Services.Administration.IdentityCore.csproj", "{5D5D1C6B-CA33-414F-A5A0-7E178ACB6E39}"
EndProject
Project("{9A19103F-16F7-4668-BE54-9A1E7A4F7556}") = "Tameenk.Payment.Esal.ComponentCore", "Services_Core\Payment\Tameenk.Payment.Esal.ComponentCore\Tameenk.Payment.Esal.ComponentCore.csproj", "{7AE3B9BC-5129-4ACE-98C0-D163DE5DC5F3}"
EndProject
Project("{2150E333-8FDC-42A3-9474-1A3956D46DE8}") = "Payment", "Payment", "{B6376C68-25D3-4FCA-BE53-833129F67E74}"
EndProject
Project("{2150E333-8FDC-42A3-9474-1A3956D46DE8}") = "UserTicket", "UserTicket", "{9512E930-6427-4D48-9AF2-0423E36951D9}"
EndProject
Project("{9A19103F-16F7-4668-BE54-9A1E7A4F7556}") = "Tameenk.Services.UserTicket.ComponentsCore", "Services_Core\UserTicket\Tameenk.Services.UserTicket.ComponentsCore\Tameenk.Services.UserTicket.ComponentsCore.csproj", "{4C1186D8-AC26-4F24-A780-9D2DA09889EC}"
EndProject
Project("{2150E333-8FDC-42A3-9474-1A3956D46DE8}") = "Notification", "Notification", "{D8B0C4E2-44D0-4DE6-BFC2-1AC312B8F171}"
EndProject
Project("{9A19103F-16F7-4668-BE54-9A1E7A4F7556}") = "Tameenk.Services.NotificationsCore", "Services_Core\Notification\Tameenk.Services.NotificationsCore\Tameenk.Services.NotificationsCore.csproj", "{4110D269-FB17-48DB-BE76-B09AA8439A6E}"
EndProject
Project("{2150E333-8FDC-42A3-9474-1A3956D46DE8}") = "Generic", "Generic", "{64668A78-BAB1-47A6-8E48-928F93942535}"
EndProject
Project("{2150E333-8FDC-42A3-9474-1A3956D46DE8}") = "Checkout", "Checkout", "{18340E4A-203F-418A-BF7F-B847853B475C}"
EndProject
Project("{9A19103F-16F7-4668-BE54-9A1E7A4F7556}") = "Tameenk.Services.Checkout.ComponentsCore", "Services_Core\Checkout\Tameenk.Services.Checkout.ComponentsCore\Tameenk.Services.Checkout.ComponentsCore.csproj", "{1EA727E8-F172-48F5-AAC4-942D57E090CA}"
EndProject
Project("{9A19103F-16F7-4668-BE54-9A1E7A4F7556}") = "Tameenk.Services.Generic.ComponentsCore", "Services_Core\Generic\Tameenk.Services.Generic.ComponentsCore\Tameenk.Services.Generic.ComponentsCore.csproj", "{98861A3F-3C57-4EDC-B873-C45AA7F53A22}"
EndProject
Project("{2150E333-8FDC-42A3-9474-1A3956D46DE8}") = "Captcha", "Captcha", "{2F37B1AA-4D7D-4887-AAE5-601518CE9E19}"
EndProject
Project("{2150E333-8FDC-42A3-9474-1A3956D46DE8}") = "Inquiry", "Inquiry", "{46493BC1-AB64-4207-80C3-FB24935F806A}"
EndProject
Project("{2150E333-8FDC-42A3-9474-1A3956D46DE8}") = "Policy", "Policy", "{D85C7EA1-2566-418A-A76B-454F71E2B8C8}"
EndProject
Project("{FAE04EC0-301F-11D3-BF4B-00C04F79EFBC}") = "Tameenk.Services.GenericApi", "Services\Generic\Tameenk.Services.GenericApi\Tameenk.Services.GenericApi.csproj", "{9EF391C2-79A7-460D-9974-B9A79E8E8937}"
EndProject
Project("{9A19103F-16F7-4668-BE54-9A1E7A4F7556}") = "Tameenk.Services.GenericApiTest", "Services\Generic\Tameenk.Services.GenericApiTest\Tameenk.Services.GenericApiTest.csproj", "{658D8CA9-1D89-4EBA-98E8-A8D769CB742F}"
EndProject
Project("{9A19103F-16F7-4668-BE54-9A1E7A4F7556}") = "Tameenk.Services.PolicyApiCore", "Services\Policy\Tameenk.Services.PolicyApiCore\Tameenk.Services.PolicyApiCore.csproj", "{80E43036-9D92-462B-ABF0-F2CE7DC687A7}"
EndProject
Project("{9A19103F-16F7-4668-BE54-9A1E7A4F7556}") = "Tameenk.Services.InsuranceCompaniesCallBackCore", "Services\Policy\Tameenk.Services.InsuranceCompaniesCallBackCore\Tameenk.Services.InsuranceCompaniesCallBackCore.csproj", "{60C5437B-889C-4015-9AB3-2D21D65AC185}"
EndProject
Project("{2150E333-8FDC-42A3-9474-1A3956D46DE8}") = "PdfGeneratorService", "PdfGeneratorService", "{AEFB35A9-0D58-48C4-8767-9964383F7751}"
EndProject
Project("{9A19103F-16F7-4668-BE54-9A1E7A4F7556}") = "Tameenk.Services.GenericApiCore", "Services\Generic\Tameenk.Services.GenericApiCore\Tameenk.Services.GenericApiCore.csproj", "{F1AEF910-5334-4DB6-9DF3-821EB0E84732}"
EndProject
Project("{9A19103F-16F7-4668-BE54-9A1E7A4F7556}") = "Tameenk.PdfGeneratorService.ApisCore", "Tameenk.PdfGeneratorService.ApisCore\Tameenk.PdfGeneratorService.ApisCore.csproj", "{3A6011A4-AFEA-4DA2-B634-C05B4BDEA5EE}"
EndProject
Project("{9A19103F-16F7-4668-BE54-9A1E7A4F7556}") = "Tameenk.PdfGeneratorService.DAL.ImpCore", "Services\Policy\PdfGeneratorService\Tameenk.PdfGeneratorService.DAL.ImpCore\Tameenk.PdfGeneratorService.DAL.ImpCore.csproj", "{83B46FC2-BE65-4760-9425-CA0BBCC3422A}"
EndProject
Project("{9A19103F-16F7-4668-BE54-9A1E7A4F7556}") = "Tameenk.PdfGeneratorService.DAL.Core.Core", "Services\Policy\PdfGeneratorService\Tameenk.PdfGeneratorService.DAL.Core.Core\Tameenk.PdfGeneratorService.DAL.Core.Core.csproj", "{BE7963A0-1A43-48D3-92E6-8230CAAC11F7}"
EndProject
Project("{9A19103F-16F7-4668-BE54-9A1E7A4F7556}") = "Tameenk.PdfGeneratorService.Common.Core", "Services\Policy\PdfGeneratorService\Tameenk.PdfGeneratorService.Common.Core\Tameenk.PdfGeneratorService.Common.Core.csproj", "{E14837B1-EA22-43C2-82F3-F879C83676F4}"
EndProject
Project("{9A19103F-16F7-4668-BE54-9A1E7A4F7556}") = "Tameenk.Log4NetCore", "Libraries_Core\Tameenk.Log4NetCore_New\Tameenk.Log4NetCore.csproj", "{C18EA9EA-D61E-4D92-B620-76C3E80AFFE8}"
EndProject
Project("{9A19103F-16F7-4668-BE54-9A1E7A4F7556}") = "Tameenk.Core", "Libraries_Core\Tameenk.Core\Tameenk.Core.csproj", "{287764F4-A52E-4F83-AF43-FFB6B41946D5}"
EndProject
Project("{9A19103F-16F7-4668-BE54-9A1E7A4F7556}") = "Tameenk.Core.Domain", "Libraries_Core\Tameenk.Core.Domain\Tameenk.Core.Domain.csproj", "{C9EED8AD-62CD-4D5D-9355-FBBF169DA298}"
EndProject
Project("{9A19103F-16F7-4668-BE54-9A1E7A4F7556}") = "Tameenk.Integration.Providers.ACIG", "Integration\Providers\Tameenk.Integration.Providers.ACIGCore\Tameenk.Integration.Providers.ACIG.csproj", "{ED5D471D-DF03-4FAA-B21A-C0F0FF9F8E52}"
EndProject
Project("{9A19103F-16F7-4668-BE54-9A1E7A4F7556}") = "Tameenk.Integration.Providers.AhliaCore", "Integration\Providers\Tameenk.Integration.Providers.AhliaCore\Tameenk.Integration.Providers.AhliaCore.csproj", "{CB0F3AA9-E9B8-4C60-9794-ED137E2F2B0A}"
EndProject
Project("{9A19103F-16F7-4668-BE54-9A1E7A4F7556}") = "Tameenk.Services.Inquiry.ComponentsCore", "Services_Core\Inquiry\Tameenk.Services.Inquiry.ComponentsCore\Tameenk.Services.Inquiry.ComponentsCore.csproj", "{AC5F2BBE-D740-42E4-9CD4-BC363744315A}"
EndProject
Project("{9A19103F-16F7-4668-BE54-9A1E7A4F7556}") = "Tameenk.Services.YakeenIntegration.BusinessCore", "Services_Core\Inquiry\Tameenk.Services.YakeenIntegration.BusinessCore\Tameenk.Services.YakeenIntegration.BusinessCore.csproj", "{F7C03843-444C-455D-BC3B-01A5487236A7}"
EndProject
Project("{9A19103F-16F7-4668-BE54-9A1E7A4F7556}") = "Tameenk.Services.Capcha.APICore", "Services_Core\Captcha\Tameenk.Services.Capcha.APICore\Tameenk.Services.Capcha.APICore.csproj", "{E1FCA304-0022-4D19-B980-3DB0CF8FCF7F}"
EndProject
Project("{9A19103F-16F7-4668-BE54-9A1E7A4F7556}") = "Tameenk.Services.QuotationNew.ApiCore", "Services_Core\QuotationNew_Core\Tameenk.Services.QuotationNew.ApiCoreMVC\Tameenk.Services.QuotationNew.ApiCore.csproj", "{1F8D598A-5CF5-403F-B330-01BDD2F081FA}"
EndProject
Project("{9A19103F-16F7-4668-BE54-9A1E7A4F7556}") = "TameenkDALCore", "TameenkDALCore\TameenkDALCore.csproj", "{62E63C5B-6C23-4670-B74B-8406F656C0F4}"
EndProject
Project("{9A19103F-16F7-4668-BE54-9A1E7A4F7556}") = "Tameenk.ResourcesCore", "..\..\..\..\New\core6\Libraries_Core\Tameenk.ResourcesCore_New\Tameenk.ResourcesCore.csproj", "{7AC24060-1E79-4382-AFF5-1CDEFD3F8E8C}"
EndProject
Project("{FAE04EC0-301F-11D3-BF4B-00C04F79EFBC}") = "Tameenk.Resources", "Libraries_Core\Tameenk.Resources\Tameenk.Resources.csproj", "{162BA533-62E6-44CE-99BC-B514BB9FF86B}"
EndProject
Project("{FAE04EC0-301F-11D3-BF4B-00C04F79EFBC}") = "Tameenk.CircuitBreakerOld", "Libraries_Core\Tameenk.CircuitBreaker\Tameenk.CircuitBreakerOld.csproj", "{33D52918-71C5-47C0-96DE-252072F98450}"
EndProject
Project("{9A19103F-16F7-4668-BE54-9A1E7A4F7556}") = "Tameenk.CircuitBreakerCore", "Libraries_Core\Tameenk.CircuitBreakerCore\Tameenk.CircuitBreakerCore.csproj", "{CC15F74C-1B02-4C34-91BA-159CD4EC1CD3}"
EndProject
Global
	GlobalSection(SolutionConfigurationPlatforms) = preSolution
		Debug|Any CPU = Debug|Any CPU
		Release|Any CPU = Release|Any CPU
	EndGlobalSection
	GlobalSection(ProjectConfigurationPlatforms) = postSolution
		{547B4BA2-895B-4FC5-B0A7-94D72FAFDA6D}.Debug|Any CPU.ActiveCfg = Debug|Any CPU
		{547B4BA2-895B-4FC5-B0A7-94D72FAFDA6D}.Debug|Any CPU.Build.0 = Debug|Any CPU
		{547B4BA2-895B-4FC5-B0A7-94D72FAFDA6D}.Release|Any CPU.ActiveCfg = Release|Any CPU
		{547B4BA2-895B-4FC5-B0A7-94D72FAFDA6D}.Release|Any CPU.Build.0 = Release|Any CPU
		{F0344826-89DF-484D-8B72-A31D51C77790}.Debug|Any CPU.ActiveCfg = Debug|Any CPU
		{F0344826-89DF-484D-8B72-A31D51C77790}.Debug|Any CPU.Build.0 = Debug|Any CPU
		{F0344826-89DF-484D-8B72-A31D51C77790}.Release|Any CPU.ActiveCfg = Release|Any CPU
		{F0344826-89DF-484D-8B72-A31D51C77790}.Release|Any CPU.Build.0 = Release|Any CPU
		{9E27F8AF-2B2D-4A16-A0B3-EBF07FAC188E}.Debug|Any CPU.ActiveCfg = Debug|Any CPU
		{9E27F8AF-2B2D-4A16-A0B3-EBF07FAC188E}.Debug|Any CPU.Build.0 = Debug|Any CPU
		{9E27F8AF-2B2D-4A16-A0B3-EBF07FAC188E}.Release|Any CPU.ActiveCfg = Release|Any CPU
		{9E27F8AF-2B2D-4A16-A0B3-EBF07FAC188E}.Release|Any CPU.Build.0 = Release|Any CPU
		{419B4E1C-024A-4FF9-BF58-514ECC8BA370}.Debug|Any CPU.ActiveCfg = Debug|Any CPU
		{419B4E1C-024A-4FF9-BF58-514ECC8BA370}.Debug|Any CPU.Build.0 = Debug|Any CPU
		{419B4E1C-024A-4FF9-BF58-514ECC8BA370}.Release|Any CPU.ActiveCfg = Release|Any CPU
		{419B4E1C-024A-4FF9-BF58-514ECC8BA370}.Release|Any CPU.Build.0 = Release|Any CPU
		{11619E63-AD0D-4A58-99D9-618D4881DE23}.Debug|Any CPU.ActiveCfg = Debug|Any CPU
		{11619E63-AD0D-4A58-99D9-618D4881DE23}.Debug|Any CPU.Build.0 = Debug|Any CPU
		{11619E63-AD0D-4A58-99D9-618D4881DE23}.Release|Any CPU.ActiveCfg = Release|Any CPU
		{11619E63-AD0D-4A58-99D9-618D4881DE23}.Release|Any CPU.Build.0 = Release|Any CPU
		{F63D0FA4-C63C-4D47-BA76-4AAD1BA671AE}.Debug|Any CPU.ActiveCfg = Debug|Any CPU
		{F63D0FA4-C63C-4D47-BA76-4AAD1BA671AE}.Debug|Any CPU.Build.0 = Debug|Any CPU
		{F63D0FA4-C63C-4D47-BA76-4AAD1BA671AE}.Release|Any CPU.ActiveCfg = Release|Any CPU
		{F63D0FA4-C63C-4D47-BA76-4AAD1BA671AE}.Release|Any CPU.Build.0 = Release|Any CPU
		{F95E842B-10EF-4B9E-8FF9-E84D1E00EBFA}.Debug|Any CPU.ActiveCfg = Debug|Any CPU
		{F95E842B-10EF-4B9E-8FF9-E84D1E00EBFA}.Debug|Any CPU.Build.0 = Debug|Any CPU
		{F95E842B-10EF-4B9E-8FF9-E84D1E00EBFA}.Release|Any CPU.ActiveCfg = Release|Any CPU
		{F95E842B-10EF-4B9E-8FF9-E84D1E00EBFA}.Release|Any CPU.Build.0 = Release|Any CPU
		{99593FA4-E834-4A76-8BF9-2173818BECD1}.Debug|Any CPU.ActiveCfg = Debug|Any CPU
		{99593FA4-E834-4A76-8BF9-2173818BECD1}.Debug|Any CPU.Build.0 = Debug|Any CPU
		{99593FA4-E834-4A76-8BF9-2173818BECD1}.Release|Any CPU.ActiveCfg = Release|Any CPU
		{99593FA4-E834-4A76-8BF9-2173818BECD1}.Release|Any CPU.Build.0 = Release|Any CPU
		{7CBE1B66-0005-4A9F-B5DA-B2ED31255086}.Debug|Any CPU.ActiveCfg = Debug|Any CPU
		{7CBE1B66-0005-4A9F-B5DA-B2ED31255086}.Debug|Any CPU.Build.0 = Debug|Any CPU
		{7CBE1B66-0005-4A9F-B5DA-B2ED31255086}.Release|Any CPU.ActiveCfg = Release|Any CPU
		{7CBE1B66-0005-4A9F-B5DA-B2ED31255086}.Release|Any CPU.Build.0 = Release|Any CPU
		{026EB525-9B20-4A6D-B90C-0A8DFAF26FE0}.Debug|Any CPU.ActiveCfg = Debug|Any CPU
		{026EB525-9B20-4A6D-B90C-0A8DFAF26FE0}.Debug|Any CPU.Build.0 = Debug|Any CPU
		{026EB525-9B20-4A6D-B90C-0A8DFAF26FE0}.Release|Any CPU.ActiveCfg = Release|Any CPU
		{026EB525-9B20-4A6D-B90C-0A8DFAF26FE0}.Release|Any CPU.Build.0 = Release|Any CPU
		{701B8732-3F11-4B60-9C82-2490EFDBD361}.Debug|Any CPU.ActiveCfg = Debug|Any CPU
		{701B8732-3F11-4B60-9C82-2490EFDBD361}.Debug|Any CPU.Build.0 = Debug|Any CPU
		{701B8732-3F11-4B60-9C82-2490EFDBD361}.Release|Any CPU.ActiveCfg = Release|Any CPU
		{701B8732-3F11-4B60-9C82-2490EFDBD361}.Release|Any CPU.Build.0 = Release|Any CPU
		{AE04274B-C277-4752-8279-1FB4415C62B0}.Debug|Any CPU.ActiveCfg = Debug|Any CPU
		{AE04274B-C277-4752-8279-1FB4415C62B0}.Debug|Any CPU.Build.0 = Debug|Any CPU
		{AE04274B-C277-4752-8279-1FB4415C62B0}.Release|Any CPU.ActiveCfg = Release|Any CPU
		{AE04274B-C277-4752-8279-1FB4415C62B0}.Release|Any CPU.Build.0 = Release|Any CPU
		{8EDFCD3E-4461-4B2C-A83E-175983E9C6B7}.Debug|Any CPU.ActiveCfg = Debug|Any CPU
		{8EDFCD3E-4461-4B2C-A83E-175983E9C6B7}.Debug|Any CPU.Build.0 = Debug|Any CPU
		{8EDFCD3E-4461-4B2C-A83E-175983E9C6B7}.Release|Any CPU.ActiveCfg = Release|Any CPU
		{8EDFCD3E-4461-4B2C-A83E-175983E9C6B7}.Release|Any CPU.Build.0 = Release|Any CPU
		{2CFF55DC-EDD1-41C7-92F6-04C650429A9D}.Debug|Any CPU.ActiveCfg = Debug|Any CPU
		{2CFF55DC-EDD1-41C7-92F6-04C650429A9D}.Debug|Any CPU.Build.0 = Debug|Any CPU
		{2CFF55DC-EDD1-41C7-92F6-04C650429A9D}.Release|Any CPU.ActiveCfg = Release|Any CPU
		{2CFF55DC-EDD1-41C7-92F6-04C650429A9D}.Release|Any CPU.Build.0 = Release|Any CPU
		{9D5A9992-B3A8-48D6-987B-65F0CDCD1F53}.Debug|Any CPU.ActiveCfg = Debug|Any CPU
		{9D5A9992-B3A8-48D6-987B-65F0CDCD1F53}.Debug|Any CPU.Build.0 = Debug|Any CPU
		{9D5A9992-B3A8-48D6-987B-65F0CDCD1F53}.Release|Any CPU.ActiveCfg = Release|Any CPU
		{9D5A9992-B3A8-48D6-987B-65F0CDCD1F53}.Release|Any CPU.Build.0 = Release|Any CPU
		{DEBDB532-5253-43FA-83E8-E8BB4FE97A43}.Debug|Any CPU.ActiveCfg = Debug|Any CPU
		{DEBDB532-5253-43FA-83E8-E8BB4FE97A43}.Debug|Any CPU.Build.0 = Debug|Any CPU
		{DEBDB532-5253-43FA-83E8-E8BB4FE97A43}.Release|Any CPU.ActiveCfg = Release|Any CPU
		{DEBDB532-5253-43FA-83E8-E8BB4FE97A43}.Release|Any CPU.Build.0 = Release|Any CPU
		{3B32139B-BDF1-4588-B891-B659B99B49A2}.Debug|Any CPU.ActiveCfg = Debug|Any CPU
		{3B32139B-BDF1-4588-B891-B659B99B49A2}.Debug|Any CPU.Build.0 = Debug|Any CPU
		{3B32139B-BDF1-4588-B891-B659B99B49A2}.Release|Any CPU.ActiveCfg = Release|Any CPU
		{3B32139B-BDF1-4588-B891-B659B99B49A2}.Release|Any CPU.Build.0 = Release|Any CPU
		{339CF262-0F17-4C60-BB6F-FDC5133B3132}.Debug|Any CPU.ActiveCfg = Debug|Any CPU
		{339CF262-0F17-4C60-BB6F-FDC5133B3132}.Debug|Any CPU.Build.0 = Debug|Any CPU
		{339CF262-0F17-4C60-BB6F-FDC5133B3132}.Release|Any CPU.ActiveCfg = Release|Any CPU
		{339CF262-0F17-4C60-BB6F-FDC5133B3132}.Release|Any CPU.Build.0 = Release|Any CPU
		{10830FA8-83FE-4338-B675-BC906F13BB92}.Debug|Any CPU.ActiveCfg = Debug|Any CPU
		{10830FA8-83FE-4338-B675-BC906F13BB92}.Debug|Any CPU.Build.0 = Debug|Any CPU
		{10830FA8-83FE-4338-B675-BC906F13BB92}.Release|Any CPU.ActiveCfg = Release|Any CPU
		{10830FA8-83FE-4338-B675-BC906F13BB92}.Release|Any CPU.Build.0 = Release|Any CPU
		{35F6D003-DD69-4626-8593-F29100EB12AE}.Debug|Any CPU.ActiveCfg = Debug|Any CPU
		{35F6D003-DD69-4626-8593-F29100EB12AE}.Debug|Any CPU.Build.0 = Debug|Any CPU
		{35F6D003-DD69-4626-8593-F29100EB12AE}.Release|Any CPU.ActiveCfg = Release|Any CPU
		{35F6D003-DD69-4626-8593-F29100EB12AE}.Release|Any CPU.Build.0 = Release|Any CPU
		{B8C7B3CA-8639-49FE-BDCA-706955BE5898}.Debug|Any CPU.ActiveCfg = Debug|Any CPU
		{B8C7B3CA-8639-49FE-BDCA-706955BE5898}.Debug|Any CPU.Build.0 = Debug|Any CPU
		{B8C7B3CA-8639-49FE-BDCA-706955BE5898}.Release|Any CPU.ActiveCfg = Release|Any CPU
		{B8C7B3CA-8639-49FE-BDCA-706955BE5898}.Release|Any CPU.Build.0 = Release|Any CPU
		{F5EC2CF5-AB3C-4164-86AA-A8C20F55E0E9}.Debug|Any CPU.ActiveCfg = Debug|Any CPU
		{F5EC2CF5-AB3C-4164-86AA-A8C20F55E0E9}.Debug|Any CPU.Build.0 = Debug|Any CPU
		{F5EC2CF5-AB3C-4164-86AA-A8C20F55E0E9}.Release|Any CPU.ActiveCfg = Release|Any CPU
		{F5EC2CF5-AB3C-4164-86AA-A8C20F55E0E9}.Release|Any CPU.Build.0 = Release|Any CPU
		{0C26DB77-7020-41AA-8DAF-E0854F3698CA}.Debug|Any CPU.ActiveCfg = Debug|Any CPU
		{0C26DB77-7020-41AA-8DAF-E0854F3698CA}.Debug|Any CPU.Build.0 = Debug|Any CPU
		{0C26DB77-7020-41AA-8DAF-E0854F3698CA}.Release|Any CPU.ActiveCfg = Release|Any CPU
		{0C26DB77-7020-41AA-8DAF-E0854F3698CA}.Release|Any CPU.Build.0 = Release|Any CPU
		{576BF9CB-1272-4638-B55F-369AE8242D8B}.Debug|Any CPU.ActiveCfg = Debug|Any CPU
		{576BF9CB-1272-4638-B55F-369AE8242D8B}.Debug|Any CPU.Build.0 = Debug|Any CPU
		{576BF9CB-1272-4638-B55F-369AE8242D8B}.Release|Any CPU.ActiveCfg = Release|Any CPU
		{576BF9CB-1272-4638-B55F-369AE8242D8B}.Release|Any CPU.Build.0 = Release|Any CPU
		{5D3FCA6E-652C-4A3B-B0E3-6E6C3DE5355A}.Debug|Any CPU.ActiveCfg = Debug|Any CPU
		{5D3FCA6E-652C-4A3B-B0E3-6E6C3DE5355A}.Debug|Any CPU.Build.0 = Debug|Any CPU
		{5D3FCA6E-652C-4A3B-B0E3-6E6C3DE5355A}.Release|Any CPU.ActiveCfg = Release|Any CPU
		{5D3FCA6E-652C-4A3B-B0E3-6E6C3DE5355A}.Release|Any CPU.Build.0 = Release|Any CPU
		{0A1B97E2-D648-4D76-8FEF-E9DE3589D71D}.Debug|Any CPU.ActiveCfg = Debug|Any CPU
		{0A1B97E2-D648-4D76-8FEF-E9DE3589D71D}.Debug|Any CPU.Build.0 = Debug|Any CPU
		{0A1B97E2-D648-4D76-8FEF-E9DE3589D71D}.Release|Any CPU.ActiveCfg = Release|Any CPU
		{0A1B97E2-D648-4D76-8FEF-E9DE3589D71D}.Release|Any CPU.Build.0 = Release|Any CPU
		{7D9D4424-EB9E-4638-8A55-F065F6418629}.Debug|Any CPU.ActiveCfg = Debug|Any CPU
		{7D9D4424-EB9E-4638-8A55-F065F6418629}.Debug|Any CPU.Build.0 = Debug|Any CPU
		{7D9D4424-EB9E-4638-8A55-F065F6418629}.Release|Any CPU.ActiveCfg = Release|Any CPU
		{7D9D4424-EB9E-4638-8A55-F065F6418629}.Release|Any CPU.Build.0 = Release|Any CPU
		{99431696-B2B0-4507-9091-F52BF197F01F}.Debug|Any CPU.ActiveCfg = Debug|Any CPU
		{99431696-B2B0-4507-9091-F52BF197F01F}.Debug|Any CPU.Build.0 = Debug|Any CPU
		{99431696-B2B0-4507-9091-F52BF197F01F}.Release|Any CPU.ActiveCfg = Release|Any CPU
		{99431696-B2B0-4507-9091-F52BF197F01F}.Release|Any CPU.Build.0 = Release|Any CPU
		{597279B1-E87E-4937-8EDF-0F835CC0C105}.Debug|Any CPU.ActiveCfg = Debug|Any CPU
		{597279B1-E87E-4937-8EDF-0F835CC0C105}.Debug|Any CPU.Build.0 = Debug|Any CPU
		{597279B1-E87E-4937-8EDF-0F835CC0C105}.Release|Any CPU.ActiveCfg = Release|Any CPU
		{597279B1-E87E-4937-8EDF-0F835CC0C105}.Release|Any CPU.Build.0 = Release|Any CPU
		{ADCFEAD4-4FEB-4BE4-9343-63735C160FF7}.Debug|Any CPU.ActiveCfg = Debug|Any CPU
		{ADCFEAD4-4FEB-4BE4-9343-63735C160FF7}.Debug|Any CPU.Build.0 = Debug|Any CPU
		{ADCFEAD4-4FEB-4BE4-9343-63735C160FF7}.Release|Any CPU.ActiveCfg = Release|Any CPU
		{ADCFEAD4-4FEB-4BE4-9343-63735C160FF7}.Release|Any CPU.Build.0 = Release|Any CPU
		{B0830B06-0684-47A3-9C8D-9DEB37C284A9}.Debug|Any CPU.ActiveCfg = Debug|Any CPU
		{B0830B06-0684-47A3-9C8D-9DEB37C284A9}.Debug|Any CPU.Build.0 = Debug|Any CPU
		{B0830B06-0684-47A3-9C8D-9DEB37C284A9}.Release|Any CPU.ActiveCfg = Release|Any CPU
		{B0830B06-0684-47A3-9C8D-9DEB37C284A9}.Release|Any CPU.Build.0 = Release|Any CPU
		{2F9AF120-775F-488E-89F4-22A0D6EC9EE4}.Debug|Any CPU.ActiveCfg = Debug|Any CPU
		{2F9AF120-775F-488E-89F4-22A0D6EC9EE4}.Debug|Any CPU.Build.0 = Debug|Any CPU
		{2F9AF120-775F-488E-89F4-22A0D6EC9EE4}.Release|Any CPU.ActiveCfg = Release|Any CPU
		{2F9AF120-775F-488E-89F4-22A0D6EC9EE4}.Release|Any CPU.Build.0 = Release|Any CPU
		{B4E3E35F-360A-4430-BFCD-A2DC4373D7CF}.Debug|Any CPU.ActiveCfg = Debug|Any CPU
		{B4E3E35F-360A-4430-BFCD-A2DC4373D7CF}.Debug|Any CPU.Build.0 = Debug|Any CPU
		{B4E3E35F-360A-4430-BFCD-A2DC4373D7CF}.Release|Any CPU.ActiveCfg = Release|Any CPU
		{B4E3E35F-360A-4430-BFCD-A2DC4373D7CF}.Release|Any CPU.Build.0 = Release|Any CPU
		{26A5D248-8A21-44AF-9E3B-8875A4E12806}.Debug|Any CPU.ActiveCfg = Debug|Any CPU
		{26A5D248-8A21-44AF-9E3B-8875A4E12806}.Debug|Any CPU.Build.0 = Debug|Any CPU
		{26A5D248-8A21-44AF-9E3B-8875A4E12806}.Release|Any CPU.ActiveCfg = Release|Any CPU
		{26A5D248-8A21-44AF-9E3B-8875A4E12806}.Release|Any CPU.Build.0 = Release|Any CPU
		{BE187FB1-EF38-4551-BCB7-98D50BE6DA97}.Debug|Any CPU.ActiveCfg = Debug|Any CPU
		{BE187FB1-EF38-4551-BCB7-98D50BE6DA97}.Debug|Any CPU.Build.0 = Debug|Any CPU
		{BE187FB1-EF38-4551-BCB7-98D50BE6DA97}.Release|Any CPU.ActiveCfg = Release|Any CPU
		{BE187FB1-EF38-4551-BCB7-98D50BE6DA97}.Release|Any CPU.Build.0 = Release|Any CPU
		{EAFDB2AA-1614-4A17-A264-B67F5B8EBCBA}.Debug|Any CPU.ActiveCfg = Debug|Any CPU
		{EAFDB2AA-1614-4A17-A264-B67F5B8EBCBA}.Debug|Any CPU.Build.0 = Debug|Any CPU
		{EAFDB2AA-1614-4A17-A264-B67F5B8EBCBA}.Release|Any CPU.ActiveCfg = Release|Any CPU
		{EAFDB2AA-1614-4A17-A264-B67F5B8EBCBA}.Release|Any CPU.Build.0 = Release|Any CPU
		{714068E3-DC65-4733-B8E2-A49D9A614863}.Debug|Any CPU.ActiveCfg = Debug|Any CPU
		{714068E3-DC65-4733-B8E2-A49D9A614863}.Debug|Any CPU.Build.0 = Debug|Any CPU
		{714068E3-DC65-4733-B8E2-A49D9A614863}.Release|Any CPU.ActiveCfg = Release|Any CPU
		{714068E3-DC65-4733-B8E2-A49D9A614863}.Release|Any CPU.Build.0 = Release|Any CPU
		{BE06CAFD-DB59-4141-AF42-578C757B1D41}.Debug|Any CPU.ActiveCfg = Debug|Any CPU
		{BE06CAFD-DB59-4141-AF42-578C757B1D41}.Debug|Any CPU.Build.0 = Debug|Any CPU
		{BE06CAFD-DB59-4141-AF42-578C757B1D41}.Release|Any CPU.ActiveCfg = Release|Any CPU
		{BE06CAFD-DB59-4141-AF42-578C757B1D41}.Release|Any CPU.Build.0 = Release|Any CPU
		{4D0FA7F9-5160-4C2F-9680-766E144E81DD}.Debug|Any CPU.ActiveCfg = Debug|Any CPU
		{4D0FA7F9-5160-4C2F-9680-766E144E81DD}.Debug|Any CPU.Build.0 = Debug|Any CPU
		{4D0FA7F9-5160-4C2F-9680-766E144E81DD}.Release|Any CPU.ActiveCfg = Release|Any CPU
		{4D0FA7F9-5160-4C2F-9680-766E144E81DD}.Release|Any CPU.Build.0 = Release|Any CPU
		{2FE6C6B7-42C9-448B-A3B3-0F38D00A1D3A}.Debug|Any CPU.ActiveCfg = Debug|Any CPU
		{2FE6C6B7-42C9-448B-A3B3-0F38D00A1D3A}.Debug|Any CPU.Build.0 = Debug|Any CPU
		{2FE6C6B7-42C9-448B-A3B3-0F38D00A1D3A}.Release|Any CPU.ActiveCfg = Release|Any CPU
		{2FE6C6B7-42C9-448B-A3B3-0F38D00A1D3A}.Release|Any CPU.Build.0 = Release|Any CPU
		{E581103D-14B7-4B3A-8FD1-D8482FA96F87}.Debug|Any CPU.ActiveCfg = Debug|Any CPU
		{E581103D-14B7-4B3A-8FD1-D8482FA96F87}.Debug|Any CPU.Build.0 = Debug|Any CPU
		{E581103D-14B7-4B3A-8FD1-D8482FA96F87}.Release|Any CPU.ActiveCfg = Release|Any CPU
		{E581103D-14B7-4B3A-8FD1-D8482FA96F87}.Release|Any CPU.Build.0 = Release|Any CPU
		{1E457459-DCFE-474C-A40D-381CDBDE43F9}.Debug|Any CPU.ActiveCfg = Debug|Any CPU
		{1E457459-DCFE-474C-A40D-381CDBDE43F9}.Debug|Any CPU.Build.0 = Debug|Any CPU
		{1E457459-DCFE-474C-A40D-381CDBDE43F9}.Release|Any CPU.ActiveCfg = Release|Any CPU
		{1E457459-DCFE-474C-A40D-381CDBDE43F9}.Release|Any CPU.Build.0 = Release|Any CPU
		{F068932B-5B30-4918-A20E-631603462F82}.Debug|Any CPU.ActiveCfg = Debug|Any CPU
		{F068932B-5B30-4918-A20E-631603462F82}.Debug|Any CPU.Build.0 = Debug|Any CPU
		{F068932B-5B30-4918-A20E-631603462F82}.Release|Any CPU.ActiveCfg = Release|Any CPU
		{F068932B-5B30-4918-A20E-631603462F82}.Release|Any CPU.Build.0 = Release|Any CPU
		{B8A4FD41-A389-4DDD-80BD-B4F5F0A67DFC}.Debug|Any CPU.ActiveCfg = Debug|Any CPU
		{B8A4FD41-A389-4DDD-80BD-B4F5F0A67DFC}.Debug|Any CPU.Build.0 = Debug|Any CPU
		{B8A4FD41-A389-4DDD-80BD-B4F5F0A67DFC}.Release|Any CPU.ActiveCfg = Release|Any CPU
		{B8A4FD41-A389-4DDD-80BD-B4F5F0A67DFC}.Release|Any CPU.Build.0 = Release|Any CPU
		{2B8A6C94-A257-43AC-B5CF-6128D39E613A}.Debug|Any CPU.ActiveCfg = Debug|Any CPU
		{2B8A6C94-A257-43AC-B5CF-6128D39E613A}.Debug|Any CPU.Build.0 = Debug|Any CPU
		{2B8A6C94-A257-43AC-B5CF-6128D39E613A}.Release|Any CPU.ActiveCfg = Release|Any CPU
		{2B8A6C94-A257-43AC-B5CF-6128D39E613A}.Release|Any CPU.Build.0 = Release|Any CPU
		{2F829183-B0FC-4FAC-A051-19752EBA6846}.Debug|Any CPU.ActiveCfg = Debug|Any CPU
		{2F829183-B0FC-4FAC-A051-19752EBA6846}.Debug|Any CPU.Build.0 = Debug|Any CPU
		{2F829183-B0FC-4FAC-A051-19752EBA6846}.Release|Any CPU.ActiveCfg = Release|Any CPU
		{2F829183-B0FC-4FAC-A051-19752EBA6846}.Release|Any CPU.Build.0 = Release|Any CPU
		{FABAC800-FF03-430A-BF60-2BF3536A51BC}.Debug|Any CPU.ActiveCfg = Debug|Any CPU
		{FABAC800-FF03-430A-BF60-2BF3536A51BC}.Debug|Any CPU.Build.0 = Debug|Any CPU
		{FABAC800-FF03-430A-BF60-2BF3536A51BC}.Release|Any CPU.ActiveCfg = Release|Any CPU
		{FABAC800-FF03-430A-BF60-2BF3536A51BC}.Release|Any CPU.Build.0 = Release|Any CPU
		{B6B8EE62-7F9F-46B8-8E09-0A6FED3C52F4}.Debug|Any CPU.ActiveCfg = Debug|Any CPU
		{B6B8EE62-7F9F-46B8-8E09-0A6FED3C52F4}.Debug|Any CPU.Build.0 = Debug|Any CPU
		{B6B8EE62-7F9F-46B8-8E09-0A6FED3C52F4}.Release|Any CPU.ActiveCfg = Release|Any CPU
		{B6B8EE62-7F9F-46B8-8E09-0A6FED3C52F4}.Release|Any CPU.Build.0 = Release|Any CPU
		{8578C846-AF63-4C23-93A4-365F8BCFF000}.Debug|Any CPU.ActiveCfg = Debug|Any CPU
		{8578C846-AF63-4C23-93A4-365F8BCFF000}.Debug|Any CPU.Build.0 = Debug|Any CPU
		{8578C846-AF63-4C23-93A4-365F8BCFF000}.Release|Any CPU.ActiveCfg = Release|Any CPU
		{8578C846-AF63-4C23-93A4-365F8BCFF000}.Release|Any CPU.Build.0 = Release|Any CPU
		{BCC6B87B-5B4D-49A5-AF9F-BBDB436649B4}.Debug|Any CPU.ActiveCfg = Debug|Any CPU
		{BCC6B87B-5B4D-49A5-AF9F-BBDB436649B4}.Debug|Any CPU.Build.0 = Debug|Any CPU
		{BCC6B87B-5B4D-49A5-AF9F-BBDB436649B4}.Release|Any CPU.ActiveCfg = Release|Any CPU
		{BCC6B87B-5B4D-49A5-AF9F-BBDB436649B4}.Release|Any CPU.Build.0 = Release|Any CPU
		{497A2963-9150-4332-B05C-952AB984E1D3}.Debug|Any CPU.ActiveCfg = Debug|Any CPU
		{497A2963-9150-4332-B05C-952AB984E1D3}.Debug|Any CPU.Build.0 = Debug|Any CPU
		{497A2963-9150-4332-B05C-952AB984E1D3}.Release|Any CPU.ActiveCfg = Release|Any CPU
		{497A2963-9150-4332-B05C-952AB984E1D3}.Release|Any CPU.Build.0 = Release|Any CPU
		{FFE60D67-4A76-43DB-8482-36ED6EFEEC7B}.Debug|Any CPU.ActiveCfg = Debug|Any CPU
		{FFE60D67-4A76-43DB-8482-36ED6EFEEC7B}.Debug|Any CPU.Build.0 = Debug|Any CPU
		{FFE60D67-4A76-43DB-8482-36ED6EFEEC7B}.Release|Any CPU.ActiveCfg = Release|Any CPU
		{FFE60D67-4A76-43DB-8482-36ED6EFEEC7B}.Release|Any CPU.Build.0 = Release|Any CPU
		{F61D83D9-E1C7-4191-B55A-3CFB283F6918}.Debug|Any CPU.ActiveCfg = Debug|Any CPU
		{F61D83D9-E1C7-4191-B55A-3CFB283F6918}.Debug|Any CPU.Build.0 = Debug|Any CPU
		{F61D83D9-E1C7-4191-B55A-3CFB283F6918}.Release|Any CPU.ActiveCfg = Release|Any CPU
		{F61D83D9-E1C7-4191-B55A-3CFB283F6918}.Release|Any CPU.Build.0 = Release|Any CPU
		{4CECEC0F-5709-4559-B9FA-C5B70278E23C}.Debug|Any CPU.ActiveCfg = Debug|Any CPU
		{4CECEC0F-5709-4559-B9FA-C5B70278E23C}.Debug|Any CPU.Build.0 = Debug|Any CPU
		{4CECEC0F-5709-4559-B9FA-C5B70278E23C}.Release|Any CPU.ActiveCfg = Release|Any CPU
		{4CECEC0F-5709-4559-B9FA-C5B70278E23C}.Release|Any CPU.Build.0 = Release|Any CPU
		{5C959E02-F25D-478A-97FE-95BDDE7A5C35}.Debug|Any CPU.ActiveCfg = Debug|Any CPU
		{5C959E02-F25D-478A-97FE-95BDDE7A5C35}.Debug|Any CPU.Build.0 = Debug|Any CPU
		{5C959E02-F25D-478A-97FE-95BDDE7A5C35}.Release|Any CPU.ActiveCfg = Release|Any CPU
		{5C959E02-F25D-478A-97FE-95BDDE7A5C35}.Release|Any CPU.Build.0 = Release|Any CPU
		{AAC55B53-1B65-41DC-818A-ACC296B1013A}.Debug|Any CPU.ActiveCfg = Debug|Any CPU
		{AAC55B53-1B65-41DC-818A-ACC296B1013A}.Debug|Any CPU.Build.0 = Debug|Any CPU
		{AAC55B53-1B65-41DC-818A-ACC296B1013A}.Release|Any CPU.ActiveCfg = Release|Any CPU
		{AAC55B53-1B65-41DC-818A-ACC296B1013A}.Release|Any CPU.Build.0 = Release|Any CPU
		{197CB88E-86F6-417B-B5D9-9B7BB88986FC}.Debug|Any CPU.ActiveCfg = Debug|Any CPU
		{197CB88E-86F6-417B-B5D9-9B7BB88986FC}.Debug|Any CPU.Build.0 = Debug|Any CPU
		{197CB88E-86F6-417B-B5D9-9B7BB88986FC}.Release|Any CPU.ActiveCfg = Release|Any CPU
		{197CB88E-86F6-417B-B5D9-9B7BB88986FC}.Release|Any CPU.Build.0 = Release|Any CPU
		{8C04BAE3-453D-42A8-A794-97D1D2C2EB70}.Debug|Any CPU.ActiveCfg = Debug|Any CPU
		{8C04BAE3-453D-42A8-A794-97D1D2C2EB70}.Debug|Any CPU.Build.0 = Debug|Any CPU
		{8C04BAE3-453D-42A8-A794-97D1D2C2EB70}.Release|Any CPU.ActiveCfg = Release|Any CPU
		{8C04BAE3-453D-42A8-A794-97D1D2C2EB70}.Release|Any CPU.Build.0 = Release|Any CPU
		{26B0D0D0-EE6F-4E11-8659-F3D815E54D62}.Debug|Any CPU.ActiveCfg = Debug|Any CPU
		{26B0D0D0-EE6F-4E11-8659-F3D815E54D62}.Debug|Any CPU.Build.0 = Debug|Any CPU
		{26B0D0D0-EE6F-4E11-8659-F3D815E54D62}.Release|Any CPU.ActiveCfg = Release|Any CPU
		{26B0D0D0-EE6F-4E11-8659-F3D815E54D62}.Release|Any CPU.Build.0 = Release|Any CPU
		{742AE23F-E4E9-4A5E-A882-D28B4A589551}.Debug|Any CPU.ActiveCfg = Debug|Any CPU
		{742AE23F-E4E9-4A5E-A882-D28B4A589551}.Debug|Any CPU.Build.0 = Debug|Any CPU
		{742AE23F-E4E9-4A5E-A882-D28B4A589551}.Release|Any CPU.ActiveCfg = Release|Any CPU
		{742AE23F-E4E9-4A5E-A882-D28B4A589551}.Release|Any CPU.Build.0 = Release|Any CPU
		{179AD124-0BBD-4758-A8A1-8FF2AFD853C5}.Debug|Any CPU.ActiveCfg = Debug|Any CPU
		{179AD124-0BBD-4758-A8A1-8FF2AFD853C5}.Debug|Any CPU.Build.0 = Debug|Any CPU
		{179AD124-0BBD-4758-A8A1-8FF2AFD853C5}.Release|Any CPU.ActiveCfg = Release|Any CPU
		{179AD124-0BBD-4758-A8A1-8FF2AFD853C5}.Release|Any CPU.Build.0 = Release|Any CPU
		{F0A8C6B0-5884-46A7-820D-8E05049F8E87}.Debug|Any CPU.ActiveCfg = Debug|Any CPU
		{F0A8C6B0-5884-46A7-820D-8E05049F8E87}.Debug|Any CPU.Build.0 = Debug|Any CPU
		{F0A8C6B0-5884-46A7-820D-8E05049F8E87}.Release|Any CPU.ActiveCfg = Release|Any CPU
		{F0A8C6B0-5884-46A7-820D-8E05049F8E87}.Release|Any CPU.Build.0 = Release|Any CPU
		{95D28AA0-5A27-4AC9-9E88-75C12602B2D3}.Debug|Any CPU.ActiveCfg = Debug|Any CPU
		{95D28AA0-5A27-4AC9-9E88-75C12602B2D3}.Debug|Any CPU.Build.0 = Debug|Any CPU
		{95D28AA0-5A27-4AC9-9E88-75C12602B2D3}.Release|Any CPU.ActiveCfg = Release|Any CPU
		{95D28AA0-5A27-4AC9-9E88-75C12602B2D3}.Release|Any CPU.Build.0 = Release|Any CPU
		{3C0C20D5-2495-412B-A411-44AF204D0862}.Debug|Any CPU.ActiveCfg = Debug|Any CPU
		{3C0C20D5-2495-412B-A411-44AF204D0862}.Debug|Any CPU.Build.0 = Debug|Any CPU
		{3C0C20D5-2495-412B-A411-44AF204D0862}.Release|Any CPU.ActiveCfg = Release|Any CPU
		{3C0C20D5-2495-412B-A411-44AF204D0862}.Release|Any CPU.Build.0 = Release|Any CPU
		{C48DF513-6ADE-4F67-87A5-3E3107577B9D}.Debug|Any CPU.ActiveCfg = Debug|Any CPU
		{C48DF513-6ADE-4F67-87A5-3E3107577B9D}.Debug|Any CPU.Build.0 = Debug|Any CPU
		{C48DF513-6ADE-4F67-87A5-3E3107577B9D}.Release|Any CPU.ActiveCfg = Release|Any CPU
		{C48DF513-6ADE-4F67-87A5-3E3107577B9D}.Release|Any CPU.Build.0 = Release|Any CPU
		{911CF589-D72D-417C-96F5-A2923DECFED9}.Debug|Any CPU.ActiveCfg = Debug|Any CPU
		{911CF589-D72D-417C-96F5-A2923DECFED9}.Debug|Any CPU.Build.0 = Debug|Any CPU
		{911CF589-D72D-417C-96F5-A2923DECFED9}.Release|Any CPU.ActiveCfg = Release|Any CPU
		{911CF589-D72D-417C-96F5-A2923DECFED9}.Release|Any CPU.Build.0 = Release|Any CPU
		{72726D10-4428-4FCE-B57E-7A27B8EC5679}.Debug|Any CPU.ActiveCfg = Debug|Any CPU
		{72726D10-4428-4FCE-B57E-7A27B8EC5679}.Debug|Any CPU.Build.0 = Debug|Any CPU
		{72726D10-4428-4FCE-B57E-7A27B8EC5679}.Release|Any CPU.ActiveCfg = Release|Any CPU
		{72726D10-4428-4FCE-B57E-7A27B8EC5679}.Release|Any CPU.Build.0 = Release|Any CPU
		{C8658AB9-CFDE-42C9-8385-197B722C8A99}.Debug|Any CPU.ActiveCfg = Debug|Any CPU
		{C8658AB9-CFDE-42C9-8385-197B722C8A99}.Debug|Any CPU.Build.0 = Debug|Any CPU
		{C8658AB9-CFDE-42C9-8385-197B722C8A99}.Release|Any CPU.ActiveCfg = Release|Any CPU
		{C8658AB9-CFDE-42C9-8385-197B722C8A99}.Release|Any CPU.Build.0 = Release|Any CPU
		{D65BF49E-EDD6-4D4E-B5D1-0E2ECC9FE72D}.Debug|Any CPU.ActiveCfg = Debug|Any CPU
		{D65BF49E-EDD6-4D4E-B5D1-0E2ECC9FE72D}.Debug|Any CPU.Build.0 = Debug|Any CPU
		{D65BF49E-EDD6-4D4E-B5D1-0E2ECC9FE72D}.Release|Any CPU.ActiveCfg = Release|Any CPU
		{D65BF49E-EDD6-4D4E-B5D1-0E2ECC9FE72D}.Release|Any CPU.Build.0 = Release|Any CPU
		{5611C2E2-5045-47FC-A41A-8FB166CB2D0F}.Debug|Any CPU.ActiveCfg = Debug|Any CPU
		{5611C2E2-5045-47FC-A41A-8FB166CB2D0F}.Debug|Any CPU.Build.0 = Debug|Any CPU
		{5611C2E2-5045-47FC-A41A-8FB166CB2D0F}.Release|Any CPU.ActiveCfg = Release|Any CPU
		{5611C2E2-5045-47FC-A41A-8FB166CB2D0F}.Release|Any CPU.Build.0 = Release|Any CPU
		{94CEC478-C038-4D2A-A2AF-2C5A30BA182A}.Debug|Any CPU.ActiveCfg = Debug|Any CPU
		{94CEC478-C038-4D2A-A2AF-2C5A30BA182A}.Debug|Any CPU.Build.0 = Debug|Any CPU
		{94CEC478-C038-4D2A-A2AF-2C5A30BA182A}.Release|Any CPU.ActiveCfg = Release|Any CPU
		{94CEC478-C038-4D2A-A2AF-2C5A30BA182A}.Release|Any CPU.Build.0 = Release|Any CPU
		{6CC304D4-81F0-4245-A893-7CAEF1D3FBDF}.Debug|Any CPU.ActiveCfg = Debug|Any CPU
		{6CC304D4-81F0-4245-A893-7CAEF1D3FBDF}.Debug|Any CPU.Build.0 = Debug|Any CPU
		{6CC304D4-81F0-4245-A893-7CAEF1D3FBDF}.Release|Any CPU.ActiveCfg = Release|Any CPU
		{6CC304D4-81F0-4245-A893-7CAEF1D3FBDF}.Release|Any CPU.Build.0 = Release|Any CPU
		{50DB32F6-3571-4C1D-AD12-87A90771FB72}.Debug|Any CPU.ActiveCfg = Debug|Any CPU
		{50DB32F6-3571-4C1D-AD12-87A90771FB72}.Debug|Any CPU.Build.0 = Debug|Any CPU
		{50DB32F6-3571-4C1D-AD12-87A90771FB72}.Release|Any CPU.ActiveCfg = Release|Any CPU
		{50DB32F6-3571-4C1D-AD12-87A90771FB72}.Release|Any CPU.Build.0 = Release|Any CPU
		{D2F9A74C-4D61-4912-883D-FDD8FDD4B613}.Debug|Any CPU.ActiveCfg = Debug|Any CPU
		{D2F9A74C-4D61-4912-883D-FDD8FDD4B613}.Debug|Any CPU.Build.0 = Debug|Any CPU
		{D2F9A74C-4D61-4912-883D-FDD8FDD4B613}.Release|Any CPU.ActiveCfg = Release|Any CPU
		{D2F9A74C-4D61-4912-883D-FDD8FDD4B613}.Release|Any CPU.Build.0 = Release|Any CPU
		{A736D65B-730B-4952-98D9-265FCC21672A}.Debug|Any CPU.ActiveCfg = Debug|Any CPU
		{A736D65B-730B-4952-98D9-265FCC21672A}.Debug|Any CPU.Build.0 = Debug|Any CPU
		{A736D65B-730B-4952-98D9-265FCC21672A}.Release|Any CPU.ActiveCfg = Release|Any CPU
		{A736D65B-730B-4952-98D9-265FCC21672A}.Release|Any CPU.Build.0 = Release|Any CPU
		{DE467153-6C01-47D2-BBD7-B1A8CB0CD9CB}.Debug|Any CPU.ActiveCfg = Debug|Any CPU
		{DE467153-6C01-47D2-BBD7-B1A8CB0CD9CB}.Debug|Any CPU.Build.0 = Debug|Any CPU
		{DE467153-6C01-47D2-BBD7-B1A8CB0CD9CB}.Release|Any CPU.ActiveCfg = Release|Any CPU
		{DE467153-6C01-47D2-BBD7-B1A8CB0CD9CB}.Release|Any CPU.Build.0 = Release|Any CPU
		{00FEAC3C-516D-4CC1-ACBD-BAF88DE4F24D}.Debug|Any CPU.ActiveCfg = Debug|Any CPU
		{00FEAC3C-516D-4CC1-ACBD-BAF88DE4F24D}.Debug|Any CPU.Build.0 = Debug|Any CPU
		{00FEAC3C-516D-4CC1-ACBD-BAF88DE4F24D}.Release|Any CPU.ActiveCfg = Release|Any CPU
		{00FEAC3C-516D-4CC1-ACBD-BAF88DE4F24D}.Release|Any CPU.Build.0 = Release|Any CPU
		{D0831FFE-4775-470F-8AED-44D3987305BB}.Debug|Any CPU.ActiveCfg = Debug|Any CPU
		{D0831FFE-4775-470F-8AED-44D3987305BB}.Debug|Any CPU.Build.0 = Debug|Any CPU
		{D0831FFE-4775-470F-8AED-44D3987305BB}.Release|Any CPU.ActiveCfg = Release|Any CPU
		{D0831FFE-4775-470F-8AED-44D3987305BB}.Release|Any CPU.Build.0 = Release|Any CPU
		{7D3E4647-C5EF-400E-91B7-788A89A4F181}.Debug|Any CPU.ActiveCfg = Debug|Any CPU
		{7D3E4647-C5EF-400E-91B7-788A89A4F181}.Debug|Any CPU.Build.0 = Debug|Any CPU
		{7D3E4647-C5EF-400E-91B7-788A89A4F181}.Release|Any CPU.ActiveCfg = Release|Any CPU
		{7D3E4647-C5EF-400E-91B7-788A89A4F181}.Release|Any CPU.Build.0 = Release|Any CPU
		{D5EF56DE-74F4-468B-94A0-73D33C2D14CC}.Debug|Any CPU.ActiveCfg = Debug|Any CPU
		{D5EF56DE-74F4-468B-94A0-73D33C2D14CC}.Debug|Any CPU.Build.0 = Debug|Any CPU
		{D5EF56DE-74F4-468B-94A0-73D33C2D14CC}.Release|Any CPU.ActiveCfg = Release|Any CPU
		{D5EF56DE-74F4-468B-94A0-73D33C2D14CC}.Release|Any CPU.Build.0 = Release|Any CPU
		{2CCA6BCC-F22C-4603-83F3-7892DC28D915}.Debug|Any CPU.ActiveCfg = Debug|Any CPU
		{2CCA6BCC-F22C-4603-83F3-7892DC28D915}.Debug|Any CPU.Build.0 = Debug|Any CPU
		{2CCA6BCC-F22C-4603-83F3-7892DC28D915}.Release|Any CPU.ActiveCfg = Release|Any CPU
		{2CCA6BCC-F22C-4603-83F3-7892DC28D915}.Release|Any CPU.Build.0 = Release|Any CPU
		{5CD41905-AC08-410F-9FFB-B3975FFBA538}.Debug|Any CPU.ActiveCfg = Debug|Any CPU
		{5CD41905-AC08-410F-9FFB-B3975FFBA538}.Debug|Any CPU.Build.0 = Debug|Any CPU
		{5CD41905-AC08-410F-9FFB-B3975FFBA538}.Release|Any CPU.ActiveCfg = Release|Any CPU
		{5CD41905-AC08-410F-9FFB-B3975FFBA538}.Release|Any CPU.Build.0 = Release|Any CPU
		{E0A5623C-439C-42EA-90D3-C40192ABAC16}.Debug|Any CPU.ActiveCfg = Debug|Any CPU
		{E0A5623C-439C-42EA-90D3-C40192ABAC16}.Debug|Any CPU.Build.0 = Debug|Any CPU
		{E0A5623C-439C-42EA-90D3-C40192ABAC16}.Release|Any CPU.ActiveCfg = Release|Any CPU
		{E0A5623C-439C-42EA-90D3-C40192ABAC16}.Release|Any CPU.Build.0 = Release|Any CPU
		{14F920B0-E1F2-4E7B-BE22-4BDE4FC9541F}.Debug|Any CPU.ActiveCfg = Debug|Any CPU
		{14F920B0-E1F2-4E7B-BE22-4BDE4FC9541F}.Debug|Any CPU.Build.0 = Debug|Any CPU
		{14F920B0-E1F2-4E7B-BE22-4BDE4FC9541F}.Release|Any CPU.ActiveCfg = Release|Any CPU
		{14F920B0-E1F2-4E7B-BE22-4BDE4FC9541F}.Release|Any CPU.Build.0 = Release|Any CPU
		{9B11F328-DBF1-4B67-B86D-F3077B4EEA5E}.Debug|Any CPU.ActiveCfg = Debug|Any CPU
		{9B11F328-DBF1-4B67-B86D-F3077B4EEA5E}.Debug|Any CPU.Build.0 = Debug|Any CPU
		{9B11F328-DBF1-4B67-B86D-F3077B4EEA5E}.Release|Any CPU.ActiveCfg = Release|Any CPU
		{9B11F328-DBF1-4B67-B86D-F3077B4EEA5E}.Release|Any CPU.Build.0 = Release|Any CPU
		{55AE1A44-FEF2-4ED0-BB33-1520C44B9394}.Debug|Any CPU.ActiveCfg = Debug|Any CPU
		{55AE1A44-FEF2-4ED0-BB33-1520C44B9394}.Debug|Any CPU.Build.0 = Debug|Any CPU
		{55AE1A44-FEF2-4ED0-BB33-1520C44B9394}.Release|Any CPU.ActiveCfg = Release|Any CPU
		{55AE1A44-FEF2-4ED0-BB33-1520C44B9394}.Release|Any CPU.Build.0 = Release|Any CPU
		{431DF20E-0472-4636-B5A7-8E94F2DEFE03}.Debug|Any CPU.ActiveCfg = Debug|Any CPU
		{431DF20E-0472-4636-B5A7-8E94F2DEFE03}.Debug|Any CPU.Build.0 = Debug|Any CPU
		{431DF20E-0472-4636-B5A7-8E94F2DEFE03}.Release|Any CPU.ActiveCfg = Release|Any CPU
		{431DF20E-0472-4636-B5A7-8E94F2DEFE03}.Release|Any CPU.Build.0 = Release|Any CPU
		{31BE11E4-1633-4277-B5CF-02CD1AED956E}.Debug|Any CPU.ActiveCfg = Debug|Any CPU
		{31BE11E4-1633-4277-B5CF-02CD1AED956E}.Debug|Any CPU.Build.0 = Debug|Any CPU
		{31BE11E4-1633-4277-B5CF-02CD1AED956E}.Release|Any CPU.ActiveCfg = Release|Any CPU
		{31BE11E4-1633-4277-B5CF-02CD1AED956E}.Release|Any CPU.Build.0 = Release|Any CPU
		{DD676510-DEEE-4664-9D2F-AF11F9B8A792}.Debug|Any CPU.ActiveCfg = Debug|Any CPU
		{DD676510-DEEE-4664-9D2F-AF11F9B8A792}.Debug|Any CPU.Build.0 = Debug|Any CPU
		{DD676510-DEEE-4664-9D2F-AF11F9B8A792}.Release|Any CPU.ActiveCfg = Release|Any CPU
		{DD676510-DEEE-4664-9D2F-AF11F9B8A792}.Release|Any CPU.Build.0 = Release|Any CPU
		{7FA4FC06-BA18-443F-B8E9-CEC0BF717488}.Debug|Any CPU.ActiveCfg = Debug|Any CPU
		{7FA4FC06-BA18-443F-B8E9-CEC0BF717488}.Debug|Any CPU.Build.0 = Debug|Any CPU
		{7FA4FC06-BA18-443F-B8E9-CEC0BF717488}.Release|Any CPU.ActiveCfg = Release|Any CPU
		{7FA4FC06-BA18-443F-B8E9-CEC0BF717488}.Release|Any CPU.Build.0 = Release|Any CPU
		{5D5D1C6B-CA33-414F-A5A0-7E178ACB6E39}.Debug|Any CPU.ActiveCfg = Debug|Any CPU
		{5D5D1C6B-CA33-414F-A5A0-7E178ACB6E39}.Debug|Any CPU.Build.0 = Debug|Any CPU
		{5D5D1C6B-CA33-414F-A5A0-7E178ACB6E39}.Release|Any CPU.ActiveCfg = Release|Any CPU
		{5D5D1C6B-CA33-414F-A5A0-7E178ACB6E39}.Release|Any CPU.Build.0 = Release|Any CPU
		{7AE3B9BC-5129-4ACE-98C0-D163DE5DC5F3}.Debug|Any CPU.ActiveCfg = Debug|Any CPU
		{7AE3B9BC-5129-4ACE-98C0-D163DE5DC5F3}.Debug|Any CPU.Build.0 = Debug|Any CPU
		{7AE3B9BC-5129-4ACE-98C0-D163DE5DC5F3}.Release|Any CPU.ActiveCfg = Release|Any CPU
		{7AE3B9BC-5129-4ACE-98C0-D163DE5DC5F3}.Release|Any CPU.Build.0 = Release|Any CPU
		{4C1186D8-AC26-4F24-A780-9D2DA09889EC}.Debug|Any CPU.ActiveCfg = Debug|Any CPU
		{4C1186D8-AC26-4F24-A780-9D2DA09889EC}.Debug|Any CPU.Build.0 = Debug|Any CPU
		{4C1186D8-AC26-4F24-A780-9D2DA09889EC}.Release|Any CPU.ActiveCfg = Release|Any CPU
		{4C1186D8-AC26-4F24-A780-9D2DA09889EC}.Release|Any CPU.Build.0 = Release|Any CPU
		{4110D269-FB17-48DB-BE76-B09AA8439A6E}.Debug|Any CPU.ActiveCfg = Debug|Any CPU
		{4110D269-FB17-48DB-BE76-B09AA8439A6E}.Debug|Any CPU.Build.0 = Debug|Any CPU
		{4110D269-FB17-48DB-BE76-B09AA8439A6E}.Release|Any CPU.ActiveCfg = Release|Any CPU
		{4110D269-FB17-48DB-BE76-B09AA8439A6E}.Release|Any CPU.Build.0 = Release|Any CPU
		{1EA727E8-F172-48F5-AAC4-942D57E090CA}.Debug|Any CPU.ActiveCfg = Debug|Any CPU
		{1EA727E8-F172-48F5-AAC4-942D57E090CA}.Debug|Any CPU.Build.0 = Debug|Any CPU
		{1EA727E8-F172-48F5-AAC4-942D57E090CA}.Release|Any CPU.ActiveCfg = Release|Any CPU
		{1EA727E8-F172-48F5-AAC4-942D57E090CA}.Release|Any CPU.Build.0 = Release|Any CPU
		{98861A3F-3C57-4EDC-B873-C45AA7F53A22}.Debug|Any CPU.ActiveCfg = Debug|Any CPU
		{98861A3F-3C57-4EDC-B873-C45AA7F53A22}.Debug|Any CPU.Build.0 = Debug|Any CPU
		{98861A3F-3C57-4EDC-B873-C45AA7F53A22}.Release|Any CPU.ActiveCfg = Release|Any CPU
		{98861A3F-3C57-4EDC-B873-C45AA7F53A22}.Release|Any CPU.Build.0 = Release|Any CPU
		{9EF391C2-79A7-460D-9974-B9A79E8E8937}.Debug|Any CPU.ActiveCfg = Debug|Any CPU
		{9EF391C2-79A7-460D-9974-B9A79E8E8937}.Debug|Any CPU.Build.0 = Debug|Any CPU
		{9EF391C2-79A7-460D-9974-B9A79E8E8937}.Release|Any CPU.ActiveCfg = Release|Any CPU
		{9EF391C2-79A7-460D-9974-B9A79E8E8937}.Release|Any CPU.Build.0 = Release|Any CPU
		{658D8CA9-1D89-4EBA-98E8-A8D769CB742F}.Debug|Any CPU.ActiveCfg = Debug|Any CPU
		{658D8CA9-1D89-4EBA-98E8-A8D769CB742F}.Debug|Any CPU.Build.0 = Debug|Any CPU
		{658D8CA9-1D89-4EBA-98E8-A8D769CB742F}.Release|Any CPU.ActiveCfg = Release|Any CPU
		{658D8CA9-1D89-4EBA-98E8-A8D769CB742F}.Release|Any CPU.Build.0 = Release|Any CPU
		{80E43036-9D92-462B-ABF0-F2CE7DC687A7}.Debug|Any CPU.ActiveCfg = Debug|Any CPU
		{80E43036-9D92-462B-ABF0-F2CE7DC687A7}.Debug|Any CPU.Build.0 = Debug|Any CPU
		{80E43036-9D92-462B-ABF0-F2CE7DC687A7}.Release|Any CPU.ActiveCfg = Release|Any CPU
		{80E43036-9D92-462B-ABF0-F2CE7DC687A7}.Release|Any CPU.Build.0 = Release|Any CPU
		{60C5437B-889C-4015-9AB3-2D21D65AC185}.Debug|Any CPU.ActiveCfg = Debug|Any CPU
		{60C5437B-889C-4015-9AB3-2D21D65AC185}.Debug|Any CPU.Build.0 = Debug|Any CPU
		{60C5437B-889C-4015-9AB3-2D21D65AC185}.Release|Any CPU.ActiveCfg = Release|Any CPU
		{60C5437B-889C-4015-9AB3-2D21D65AC185}.Release|Any CPU.Build.0 = Release|Any CPU
		{F1AEF910-5334-4DB6-9DF3-821EB0E84732}.Debug|Any CPU.ActiveCfg = Debug|Any CPU
		{F1AEF910-5334-4DB6-9DF3-821EB0E84732}.Debug|Any CPU.Build.0 = Debug|Any CPU
		{F1AEF910-5334-4DB6-9DF3-821EB0E84732}.Release|Any CPU.ActiveCfg = Release|Any CPU
		{F1AEF910-5334-4DB6-9DF3-821EB0E84732}.Release|Any CPU.Build.0 = Release|Any CPU
		{3A6011A4-AFEA-4DA2-B634-C05B4BDEA5EE}.Debug|Any CPU.ActiveCfg = Debug|Any CPU
		{3A6011A4-AFEA-4DA2-B634-C05B4BDEA5EE}.Debug|Any CPU.Build.0 = Debug|Any CPU
		{3A6011A4-AFEA-4DA2-B634-C05B4BDEA5EE}.Release|Any CPU.ActiveCfg = Release|Any CPU
		{3A6011A4-AFEA-4DA2-B634-C05B4BDEA5EE}.Release|Any CPU.Build.0 = Release|Any CPU
		{83B46FC2-BE65-4760-9425-CA0BBCC3422A}.Debug|Any CPU.ActiveCfg = Debug|Any CPU
		{83B46FC2-BE65-4760-9425-CA0BBCC3422A}.Debug|Any CPU.Build.0 = Debug|Any CPU
		{83B46FC2-BE65-4760-9425-CA0BBCC3422A}.Release|Any CPU.ActiveCfg = Release|Any CPU
		{83B46FC2-BE65-4760-9425-CA0BBCC3422A}.Release|Any CPU.Build.0 = Release|Any CPU
		{BE7963A0-1A43-48D3-92E6-8230CAAC11F7}.Debug|Any CPU.ActiveCfg = Debug|Any CPU
		{BE7963A0-1A43-48D3-92E6-8230CAAC11F7}.Debug|Any CPU.Build.0 = Debug|Any CPU
		{BE7963A0-1A43-48D3-92E6-8230CAAC11F7}.Release|Any CPU.ActiveCfg = Release|Any CPU
		{BE7963A0-1A43-48D3-92E6-8230CAAC11F7}.Release|Any CPU.Build.0 = Release|Any CPU
		{E14837B1-EA22-43C2-82F3-F879C83676F4}.Debug|Any CPU.ActiveCfg = Debug|Any CPU
		{E14837B1-EA22-43C2-82F3-F879C83676F4}.Debug|Any CPU.Build.0 = Debug|Any CPU
		{E14837B1-EA22-43C2-82F3-F879C83676F4}.Release|Any CPU.ActiveCfg = Release|Any CPU
		{E14837B1-EA22-43C2-82F3-F879C83676F4}.Release|Any CPU.Build.0 = Release|Any CPU
		{C18EA9EA-D61E-4D92-B620-76C3E80AFFE8}.Debug|Any CPU.ActiveCfg = Debug|Any CPU
		{C18EA9EA-D61E-4D92-B620-76C3E80AFFE8}.Debug|Any CPU.Build.0 = Debug|Any CPU
		{C18EA9EA-D61E-4D92-B620-76C3E80AFFE8}.Release|Any CPU.ActiveCfg = Release|Any CPU
		{C18EA9EA-D61E-4D92-B620-76C3E80AFFE8}.Release|Any CPU.Build.0 = Release|Any CPU
		{287764F4-A52E-4F83-AF43-FFB6B41946D5}.Debug|Any CPU.ActiveCfg = Debug|Any CPU
		{287764F4-A52E-4F83-AF43-FFB6B41946D5}.Debug|Any CPU.Build.0 = Debug|Any CPU
		{287764F4-A52E-4F83-AF43-FFB6B41946D5}.Release|Any CPU.ActiveCfg = Release|Any CPU
		{287764F4-A52E-4F83-AF43-FFB6B41946D5}.Release|Any CPU.Build.0 = Release|Any CPU
		{C9EED8AD-62CD-4D5D-9355-FBBF169DA298}.Debug|Any CPU.ActiveCfg = Debug|Any CPU
		{C9EED8AD-62CD-4D5D-9355-FBBF169DA298}.Debug|Any CPU.Build.0 = Debug|Any CPU
		{C9EED8AD-62CD-4D5D-9355-FBBF169DA298}.Release|Any CPU.ActiveCfg = Release|Any CPU
		{C9EED8AD-62CD-4D5D-9355-FBBF169DA298}.Release|Any CPU.Build.0 = Release|Any CPU
		{ED5D471D-DF03-4FAA-B21A-C0F0FF9F8E52}.Debug|Any CPU.ActiveCfg = Debug|Any CPU
		{ED5D471D-DF03-4FAA-B21A-C0F0FF9F8E52}.Debug|Any CPU.Build.0 = Debug|Any CPU
		{ED5D471D-DF03-4FAA-B21A-C0F0FF9F8E52}.Release|Any CPU.ActiveCfg = Release|Any CPU
		{ED5D471D-DF03-4FAA-B21A-C0F0FF9F8E52}.Release|Any CPU.Build.0 = Release|Any CPU
		{CB0F3AA9-E9B8-4C60-9794-ED137E2F2B0A}.Debug|Any CPU.ActiveCfg = Debug|Any CPU
		{CB0F3AA9-E9B8-4C60-9794-ED137E2F2B0A}.Debug|Any CPU.Build.0 = Debug|Any CPU
		{CB0F3AA9-E9B8-4C60-9794-ED137E2F2B0A}.Release|Any CPU.ActiveCfg = Release|Any CPU
		{CB0F3AA9-E9B8-4C60-9794-ED137E2F2B0A}.Release|Any CPU.Build.0 = Release|Any CPU
		{AC5F2BBE-D740-42E4-9CD4-BC363744315A}.Debug|Any CPU.ActiveCfg = Debug|Any CPU
		{AC5F2BBE-D740-42E4-9CD4-BC363744315A}.Debug|Any CPU.Build.0 = Debug|Any CPU
		{AC5F2BBE-D740-42E4-9CD4-BC363744315A}.Release|Any CPU.ActiveCfg = Release|Any CPU
		{AC5F2BBE-D740-42E4-9CD4-BC363744315A}.Release|Any CPU.Build.0 = Release|Any CPU
		{F7C03843-444C-455D-BC3B-01A5487236A7}.Debug|Any CPU.ActiveCfg = Debug|Any CPU
		{F7C03843-444C-455D-BC3B-01A5487236A7}.Debug|Any CPU.Build.0 = Debug|Any CPU
		{F7C03843-444C-455D-BC3B-01A5487236A7}.Release|Any CPU.ActiveCfg = Release|Any CPU
		{F7C03843-444C-455D-BC3B-01A5487236A7}.Release|Any CPU.Build.0 = Release|Any CPU
		{E1FCA304-0022-4D19-B980-3DB0CF8FCF7F}.Debug|Any CPU.ActiveCfg = Debug|Any CPU
		{E1FCA304-0022-4D19-B980-3DB0CF8FCF7F}.Debug|Any CPU.Build.0 = Debug|Any CPU
		{E1FCA304-0022-4D19-B980-3DB0CF8FCF7F}.Release|Any CPU.ActiveCfg = Release|Any CPU
		{E1FCA304-0022-4D19-B980-3DB0CF8FCF7F}.Release|Any CPU.Build.0 = Release|Any CPU
		{1F8D598A-5CF5-403F-B330-01BDD2F081FA}.Debug|Any CPU.ActiveCfg = Debug|Any CPU
		{1F8D598A-5CF5-403F-B330-01BDD2F081FA}.Debug|Any CPU.Build.0 = Debug|Any CPU
		{1F8D598A-5CF5-403F-B330-01BDD2F081FA}.Release|Any CPU.ActiveCfg = Release|Any CPU
		{1F8D598A-5CF5-403F-B330-01BDD2F081FA}.Release|Any CPU.Build.0 = Release|Any CPU
		{62E63C5B-6C23-4670-B74B-8406F656C0F4}.Debug|Any CPU.ActiveCfg = Debug|Any CPU
		{62E63C5B-6C23-4670-B74B-8406F656C0F4}.Debug|Any CPU.Build.0 = Debug|Any CPU
		{62E63C5B-6C23-4670-B74B-8406F656C0F4}.Release|Any CPU.ActiveCfg = Release|Any CPU
		{62E63C5B-6C23-4670-B74B-8406F656C0F4}.Release|Any CPU.Build.0 = Release|Any CPU
		{7AC24060-1E79-4382-AFF5-1CDEFD3F8E8C}.Debug|Any CPU.ActiveCfg = Debug|Any CPU
		{7AC24060-1E79-4382-AFF5-1CDEFD3F8E8C}.Debug|Any CPU.Build.0 = Debug|Any CPU
		{7AC24060-1E79-4382-AFF5-1CDEFD3F8E8C}.Release|Any CPU.ActiveCfg = Release|Any CPU
		{7AC24060-1E79-4382-AFF5-1CDEFD3F8E8C}.Release|Any CPU.Build.0 = Release|Any CPU
		{162BA533-62E6-44CE-99BC-B514BB9FF86B}.Debug|Any CPU.ActiveCfg = Debug|Any CPU
		{162BA533-62E6-44CE-99BC-B514BB9FF86B}.Debug|Any CPU.Build.0 = Debug|Any CPU
		{162BA533-62E6-44CE-99BC-B514BB9FF86B}.Release|Any CPU.ActiveCfg = Release|Any CPU
		{162BA533-62E6-44CE-99BC-B514BB9FF86B}.Release|Any CPU.Build.0 = Release|Any CPU
		{33D52918-71C5-47C0-96DE-252072F98450}.Debug|Any CPU.ActiveCfg = Debug|Any CPU
		{33D52918-71C5-47C0-96DE-252072F98450}.Debug|Any CPU.Build.0 = Debug|Any CPU
		{33D52918-71C5-47C0-96DE-252072F98450}.Release|Any CPU.ActiveCfg = Release|Any CPU
		{33D52918-71C5-47C0-96DE-252072F98450}.Release|Any CPU.Build.0 = Release|Any CPU
		{CC15F74C-1B02-4C34-91BA-159CD4EC1CD3}.Debug|Any CPU.ActiveCfg = Debug|Any CPU
		{CC15F74C-1B02-4C34-91BA-159CD4EC1CD3}.Debug|Any CPU.Build.0 = Debug|Any CPU
		{CC15F74C-1B02-4C34-91BA-159CD4EC1CD3}.Release|Any CPU.ActiveCfg = Release|Any CPU
		{CC15F74C-1B02-4C34-91BA-159CD4EC1CD3}.Release|Any CPU.Build.0 = Release|Any CPU
	EndGlobalSection
	GlobalSection(SolutionProperties) = preSolution
		HideSolutionNode = FALSE
	EndGlobalSection
	GlobalSection(NestedProjects) = preSolution
		{64E8AB18-4D4B-4A46-A688-F2ADC8547907} = {42BA5CBB-CC8A-429A-9C5C-4E6FA4B90A9A}
		{42BA5CBB-CC8A-429A-9C5C-4E6FA4B90A9A} = {7ABE3376-6AC5-4758-8D69-F1A61338F46A}
		{9E27F8AF-2B2D-4A16-A0B3-EBF07FAC188E} = {8DBDC892-4D5B-4BD8-A0B0-A6067169FE1B}
		{CD727724-03EF-4E82-A4DA-7A55B86AC181} = {7ABE3376-6AC5-4758-8D69-F1A61338F46A}
		{419B4E1C-024A-4FF9-BF58-514ECC8BA370} = {CD727724-03EF-4E82-A4DA-7A55B86AC181}
		{63585DFC-9131-4E41-9239-5E2686D7B8A6} = {7ABE3376-6AC5-4758-8D69-F1A61338F46A}
		{11619E63-AD0D-4A58-99D9-618D4881DE23} = {63585DFC-9131-4E41-9239-5E2686D7B8A6}
		{F63D0FA4-C63C-4D47-BA76-4AAD1BA671AE} = {64E8AB18-4D4B-4A46-A688-F2ADC8547907}
		{F95E842B-10EF-4B9E-8FF9-E84D1E00EBFA} = {64E8AB18-4D4B-4A46-A688-F2ADC8547907}
		{99593FA4-E834-4A76-8BF9-2173818BECD1} = {64E8AB18-4D4B-4A46-A688-F2ADC8547907}
		{7CBE1B66-0005-4A9F-B5DA-B2ED31255086} = {64E8AB18-4D4B-4A46-A688-F2ADC8547907}
		{026EB525-9B20-4A6D-B90C-0A8DFAF26FE0} = {64E8AB18-4D4B-4A46-A688-F2ADC8547907}
		{701B8732-3F11-4B60-9C82-2490EFDBD361} = {64E8AB18-4D4B-4A46-A688-F2ADC8547907}
		{AE04274B-C277-4752-8279-1FB4415C62B0} = {42BA5CBB-CC8A-429A-9C5C-4E6FA4B90A9A}
		{8EDFCD3E-4461-4B2C-A83E-175983E9C6B7} = {8DBDC892-4D5B-4BD8-A0B0-A6067169FE1B}
		{2CFF55DC-EDD1-41C7-92F6-04C650429A9D} = {8DBDC892-4D5B-4BD8-A0B0-A6067169FE1B}
		{D02961A0-F65D-422A-864E-3EC6EB5B5EB3} = {7ABE3376-6AC5-4758-8D69-F1A61338F46A}
		{9D5A9992-B3A8-48D6-987B-65F0CDCD1F53} = {42BA5CBB-CC8A-429A-9C5C-4E6FA4B90A9A}
		{0C25CDB3-424F-40CB-9E6C-F16A8F548EBB} = {7ABE3376-6AC5-4758-8D69-F1A61338F46A}
		{AED629B7-5809-4D8D-97E1-5749DB452A33} = {7ABE3376-6AC5-4758-8D69-F1A61338F46A}
		{DEBDB532-5253-43FA-83E8-E8BB4FE97A43} = {AED629B7-5809-4D8D-97E1-5749DB452A33}
		{3B32139B-BDF1-4588-B891-B659B99B49A2} = {0C25CDB3-424F-40CB-9E6C-F16A8F548EBB}
		{339CF262-0F17-4C60-BB6F-FDC5133B3132} = {8DBDC892-4D5B-4BD8-A0B0-A6067169FE1B}
		{7D9D4424-EB9E-4638-8A55-F065F6418629} = {64E8AB18-4D4B-4A46-A688-F2ADC8547907}
		{856CBB2D-50EF-4F57-999F-D1CA193D021B} = {7ABE3376-6AC5-4758-8D69-F1A61338F46A}
		{597279B1-E87E-4937-8EDF-0F835CC0C105} = {856CBB2D-50EF-4F57-999F-D1CA193D021B}
		{ADCFEAD4-4FEB-4BE4-9343-63735C160FF7} = {856CBB2D-50EF-4F57-999F-D1CA193D021B}
		{B0830B06-0684-47A3-9C8D-9DEB37C284A9} = {B353F9A1-14FC-4F67-95A1-E8C7410BC8C9}
		{2F9AF120-775F-488E-89F4-22A0D6EC9EE4} = {CD727724-03EF-4E82-A4DA-7A55B86AC181}
		{902DF970-ECB1-4994-9793-D0B79EFCF4CC} = {7ABE3376-6AC5-4758-8D69-F1A61338F46A}
		{B4E3E35F-360A-4430-BFCD-A2DC4373D7CF} = {902DF970-ECB1-4994-9793-D0B79EFCF4CC}
		{26A5D248-8A21-44AF-9E3B-8875A4E12806} = {63585DFC-9131-4E41-9239-5E2686D7B8A6}
		{BE187FB1-EF38-4551-BCB7-98D50BE6DA97} = {7ABE3376-6AC5-4758-8D69-F1A61338F46A}
		{4F94C7CD-03BB-4E19-99E1-E001F3105660} = {7ABE3376-6AC5-4758-8D69-F1A61338F46A}
		{EAFDB2AA-1614-4A17-A264-B67F5B8EBCBA} = {4F94C7CD-03BB-4E19-99E1-E001F3105660}
		{48E13ED5-6C68-444D-B9DB-A9B5CA720287} = {7ABE3376-6AC5-4758-8D69-F1A61338F46A}
		{714068E3-DC65-4733-B8E2-A49D9A614863} = {48E13ED5-6C68-444D-B9DB-A9B5CA720287}
		{475C5681-D555-454A-BC2D-3AACF189BCF7} = {7ABE3376-6AC5-4758-8D69-F1A61338F46A}
		{BE06CAFD-DB59-4141-AF42-578C757B1D41} = {475C5681-D555-454A-BC2D-3AACF189BCF7}
		{4D0FA7F9-5160-4C2F-9680-766E144E81DD} = {5B3E10C4-32CC-489E-A6A2-F48FFF8744D4}
		{5B3E10C4-32CC-489E-A6A2-F48FFF8744D4} = {7ABE3376-6AC5-4758-8D69-F1A61338F46A}
		{2FE6C6B7-42C9-448B-A3B3-0F38D00A1D3A} = {5B3E10C4-32CC-489E-A6A2-F48FFF8744D4}
		{1F3D9392-E56D-4164-A019-36428380C7B7} = {7ABE3376-6AC5-4758-8D69-F1A61338F46A}
		{E581103D-14B7-4B3A-8FD1-D8482FA96F87} = {1F3D9392-E56D-4164-A019-36428380C7B7}
		{FFBE3535-7AEA-4C14-9296-3AAC382E29F8} = {7ABE3376-6AC5-4758-8D69-F1A61338F46A}
		{1E457459-DCFE-474C-A40D-381CDBDE43F9} = {FFBE3535-7AEA-4C14-9296-3AAC382E29F8}
		{F068932B-5B30-4918-A20E-631603462F82} = {FFBE3535-7AEA-4C14-9296-3AAC382E29F8}
		{081034F4-E2F7-4878-BB9D-3A3BF373DBB4} = {7ABE3376-6AC5-4758-8D69-F1A61338F46A}
		{B8A4FD41-A389-4DDD-80BD-B4F5F0A67DFC} = {081034F4-E2F7-4878-BB9D-3A3BF373DBB4}
		{2B8A6C94-A257-43AC-B5CF-6128D39E613A} = {081034F4-E2F7-4878-BB9D-3A3BF373DBB4}
		{2F829183-B0FC-4FAC-A051-19752EBA6846} = {8DBDC892-4D5B-4BD8-A0B0-A6067169FE1B}
		{FABAC800-FF03-430A-BF60-2BF3536A51BC} = {8DBDC892-4D5B-4BD8-A0B0-A6067169FE1B}
		{B6B8EE62-7F9F-46B8-8E09-0A6FED3C52F4} = {446E192C-6BDC-4647-903B-33F4EAFBB8AF}
		{8578C846-AF63-4C23-93A4-365F8BCFF000} = {446E192C-6BDC-4647-903B-33F4EAFBB8AF}
		{BCC6B87B-5B4D-49A5-AF9F-BBDB436649B4} = {446E192C-6BDC-4647-903B-33F4EAFBB8AF}
		{497A2963-9150-4332-B05C-952AB984E1D3} = {446E192C-6BDC-4647-903B-33F4EAFBB8AF}
		{FFE60D67-4A76-43DB-8482-36ED6EFEEC7B} = {446E192C-6BDC-4647-903B-33F4EAFBB8AF}
		{F61D83D9-E1C7-4191-B55A-3CFB283F6918} = {446E192C-6BDC-4647-903B-33F4EAFBB8AF}
		{4CECEC0F-5709-4559-B9FA-C5B70278E23C} = {446E192C-6BDC-4647-903B-33F4EAFBB8AF}
		{5C959E02-F25D-478A-97FE-95BDDE7A5C35} = {38E55BF7-1AC9-42B0-B85F-76EB96FD0970}
		{AAC55B53-1B65-41DC-818A-ACC296B1013A} = {38E55BF7-1AC9-42B0-B85F-76EB96FD0970}
		{418FDDF0-DC36-408B-B8B0-4F1CB5A7BC87} = {38E55BF7-1AC9-42B0-B85F-76EB96FD0970}
		{197CB88E-86F6-417B-B5D9-9B7BB88986FC} = {418FDDF0-DC36-408B-B8B0-4F1CB5A7BC87}
		{8C04BAE3-453D-42A8-A794-97D1D2C2EB70} = {418FDDF0-DC36-408B-B8B0-4F1CB5A7BC87}
		{26B0D0D0-EE6F-4E11-8659-F3D815E54D62} = {418FDDF0-DC36-408B-B8B0-4F1CB5A7BC87}
		{742AE23F-E4E9-4A5E-A882-D28B4A589551} = {418FDDF0-DC36-408B-B8B0-4F1CB5A7BC87}
		{179AD124-0BBD-4758-A8A1-8FF2AFD853C5} = {418FDDF0-DC36-408B-B8B0-4F1CB5A7BC87}
		{F0A8C6B0-5884-46A7-820D-8E05049F8E87} = {418FDDF0-DC36-408B-B8B0-4F1CB5A7BC87}
		{95D28AA0-5A27-4AC9-9E88-75C12602B2D3} = {418FDDF0-DC36-408B-B8B0-4F1CB5A7BC87}
		{3C0C20D5-2495-412B-A411-44AF204D0862} = {418FDDF0-DC36-408B-B8B0-4F1CB5A7BC87}
		{C48DF513-6ADE-4F67-87A5-3E3107577B9D} = {418FDDF0-DC36-408B-B8B0-4F1CB5A7BC87}
		{911CF589-D72D-417C-96F5-A2923DECFED9} = {418FDDF0-DC36-408B-B8B0-4F1CB5A7BC87}
		{72726D10-4428-4FCE-B57E-7A27B8EC5679} = {418FDDF0-DC36-408B-B8B0-4F1CB5A7BC87}
		{C8658AB9-CFDE-42C9-8385-197B722C8A99} = {418FDDF0-DC36-408B-B8B0-4F1CB5A7BC87}
		{D65BF49E-EDD6-4D4E-B5D1-0E2ECC9FE72D} = {418FDDF0-DC36-408B-B8B0-4F1CB5A7BC87}
		{5611C2E2-5045-47FC-A41A-8FB166CB2D0F} = {418FDDF0-DC36-408B-B8B0-4F1CB5A7BC87}
		{94CEC478-C038-4D2A-A2AF-2C5A30BA182A} = {418FDDF0-DC36-408B-B8B0-4F1CB5A7BC87}
		{6CC304D4-81F0-4245-A893-7CAEF1D3FBDF} = {418FDDF0-DC36-408B-B8B0-4F1CB5A7BC87}
		{50DB32F6-3571-4C1D-AD12-87A90771FB72} = {418FDDF0-DC36-408B-B8B0-4F1CB5A7BC87}
		{D2F9A74C-4D61-4912-883D-FDD8FDD4B613} = {418FDDF0-DC36-408B-B8B0-4F1CB5A7BC87}
		{A736D65B-730B-4952-98D9-265FCC21672A} = {418FDDF0-DC36-408B-B8B0-4F1CB5A7BC87}
		{DE467153-6C01-47D2-BBD7-B1A8CB0CD9CB} = {418FDDF0-DC36-408B-B8B0-4F1CB5A7BC87}
		{00FEAC3C-516D-4CC1-ACBD-BAF88DE4F24D} = {418FDDF0-DC36-408B-B8B0-4F1CB5A7BC87}
		{D0831FFE-4775-470F-8AED-44D3987305BB} = {418FDDF0-DC36-408B-B8B0-4F1CB5A7BC87}
		{D5EF56DE-74F4-468B-94A0-73D33C2D14CC} = {8DBDC892-4D5B-4BD8-A0B0-A6067169FE1B}
		{2CCA6BCC-F22C-4603-83F3-7892DC28D915} = {0C25CDB3-424F-40CB-9E6C-F16A8F548EBB}
		{5CD41905-AC08-410F-9FFB-B3975FFBA538} = {8DBDC892-4D5B-4BD8-A0B0-A6067169FE1B}
		{E0A5623C-439C-42EA-90D3-C40192ABAC16} = {8DBDC892-4D5B-4BD8-A0B0-A6067169FE1B}
		{14F920B0-E1F2-4E7B-BE22-4BDE4FC9541F} = {8DBDC892-4D5B-4BD8-A0B0-A6067169FE1B}
		{9B11F328-DBF1-4B67-B86D-F3077B4EEA5E} = {8DBDC892-4D5B-4BD8-A0B0-A6067169FE1B}
		{55AE1A44-FEF2-4ED0-BB33-1520C44B9394} = {D02961A0-F65D-422A-864E-3EC6EB5B5EB3}
		{431DF20E-0472-4636-B5A7-8E94F2DEFE03} = {D02961A0-F65D-422A-864E-3EC6EB5B5EB3}
		{31BE11E4-1633-4277-B5CF-02CD1AED956E} = {D02961A0-F65D-422A-864E-3EC6EB5B5EB3}
		{DD676510-DEEE-4664-9D2F-AF11F9B8A792} = {D02961A0-F65D-422A-864E-3EC6EB5B5EB3}
		{4B892D07-0019-40D8-AED6-9863CDC50273} = {5454F94A-44A4-4C9F-A6FD-16C84B71885B}
		{B362C48E-7DF1-4BB4-BFD1-15A42F534384} = {5454F94A-44A4-4C9F-A6FD-16C84B71885B}
		{7FA4FC06-BA18-443F-B8E9-CEC0BF717488} = {B362C48E-7DF1-4BB4-BFD1-15A42F534384}
		{5D5D1C6B-CA33-414F-A5A0-7E178ACB6E39} = {4B892D07-0019-40D8-AED6-9863CDC50273}
		{7AE3B9BC-5129-4ACE-98C0-D163DE5DC5F3} = {B6376C68-25D3-4FCA-BE53-833129F67E74}
		{B6376C68-25D3-4FCA-BE53-833129F67E74} = {5454F94A-44A4-4C9F-A6FD-16C84B71885B}
		{9512E930-6427-4D48-9AF2-0423E36951D9} = {5454F94A-44A4-4C9F-A6FD-16C84B71885B}
		{4C1186D8-AC26-4F24-A780-9D2DA09889EC} = {9512E930-6427-4D48-9AF2-0423E36951D9}
		{D8B0C4E2-44D0-4DE6-BFC2-1AC312B8F171} = {5454F94A-44A4-4C9F-A6FD-16C84B71885B}
		{4110D269-FB17-48DB-BE76-B09AA8439A6E} = {D8B0C4E2-44D0-4DE6-BFC2-1AC312B8F171}
		{64668A78-BAB1-47A6-8E48-928F93942535} = {5454F94A-44A4-4C9F-A6FD-16C84B71885B}
		{18340E4A-203F-418A-BF7F-B847853B475C} = {5454F94A-44A4-4C9F-A6FD-16C84B71885B}
		{1EA727E8-F172-48F5-AAC4-942D57E090CA} = {18340E4A-203F-418A-BF7F-B847853B475C}
		{98861A3F-3C57-4EDC-B873-C45AA7F53A22} = {64668A78-BAB1-47A6-8E48-928F93942535}
		{2F37B1AA-4D7D-4887-AAE5-601518CE9E19} = {5454F94A-44A4-4C9F-A6FD-16C84B71885B}
		{46493BC1-AB64-4207-80C3-FB24935F806A} = {5454F94A-44A4-4C9F-A6FD-16C84B71885B}
		{D85C7EA1-2566-418A-A76B-454F71E2B8C8} = {5454F94A-44A4-4C9F-A6FD-16C84B71885B}
		{9EF391C2-79A7-460D-9974-B9A79E8E8937} = {475C5681-D555-454A-BC2D-3AACF189BCF7}
		{80E43036-9D92-462B-ABF0-F2CE7DC687A7} = {D85C7EA1-2566-418A-A76B-454F71E2B8C8}
		{60C5437B-889C-4015-9AB3-2D21D65AC185} = {D85C7EA1-2566-418A-A76B-454F71E2B8C8}
		{AEFB35A9-0D58-48C4-8767-9964383F7751} = {D85C7EA1-2566-418A-A76B-454F71E2B8C8}
		{83B46FC2-BE65-4760-9425-CA0BBCC3422A} = {AEFB35A9-0D58-48C4-8767-9964383F7751}
		{BE7963A0-1A43-48D3-92E6-8230CAAC11F7} = {AEFB35A9-0D58-48C4-8767-9964383F7751}
		{C18EA9EA-D61E-4D92-B620-76C3E80AFFE8} = {446E192C-6BDC-4647-903B-33F4EAFBB8AF}
		{287764F4-A52E-4F83-AF43-FFB6B41946D5} = {446E192C-6BDC-4647-903B-33F4EAFBB8AF}
		{C9EED8AD-62CD-4D5D-9355-FBBF169DA298} = {446E192C-6BDC-4647-903B-33F4EAFBB8AF}
		{ED5D471D-DF03-4FAA-B21A-C0F0FF9F8E52} = {418FDDF0-DC36-408B-B8B0-4F1CB5A7BC87}
		{CB0F3AA9-E9B8-4C60-9794-ED137E2F2B0A} = {418FDDF0-DC36-408B-B8B0-4F1CB5A7BC87}
		{AC5F2BBE-D740-42E4-9CD4-BC363744315A} = {46493BC1-AB64-4207-80C3-FB24935F806A}
		{F7C03843-444C-455D-BC3B-01A5487236A7} = {46493BC1-AB64-4207-80C3-FB24935F806A}
		{E1FCA304-0022-4D19-B980-3DB0CF8FCF7F} = {2F37B1AA-4D7D-4887-AAE5-601518CE9E19}
		{1F8D598A-5CF5-403F-B330-01BDD2F081FA} = {B362C48E-7DF1-4BB4-BFD1-15A42F534384}
		{7AC24060-1E79-4382-AFF5-1CDEFD3F8E8C} = {446E192C-6BDC-4647-903B-33F4EAFBB8AF}
		{162BA533-62E6-44CE-99BC-B514BB9FF86B} = {446E192C-6BDC-4647-903B-33F4EAFBB8AF}
		{33D52918-71C5-47C0-96DE-252072F98450} = {446E192C-6BDC-4647-903B-33F4EAFBB8AF}
		{CC15F74C-1B02-4C34-91BA-159CD4EC1CD3} = {446E192C-6BDC-4647-903B-33F4EAFBB8AF}
	EndGlobalSection
	GlobalSection(ExtensibilityGlobals) = postSolution
		SolutionGuid = {81FBB495-09CE-4F05-9BB3-A9A4220F359B}
	EndGlobalSection
	GlobalSection(Performance) = preSolution
		HasPerformanceSessions = true
	EndGlobalSection
EndGlobal
